// !$*UTF8*$!
{
	archiveVersion = 1;
	classes = {
	};
	objectVersion = 56;
	objects = {

/* Begin PBXBuildFile section */
		3C13DB522A01C8BB0048D7B9 /* URLSessionHTTPClient.swift in Sources */ = {isa = PBXBuildFile; fileRef = 3C13DB512A01C8BB0048D7B9 /* URLSessionHTTPClient.swift */; };
		3C13DB5A2A01CE6C0048D7B9 /* EssentialFeedEndToEndTests.swift in Sources */ = {isa = PBXBuildFile; fileRef = 3C13DB592A01CE6C0048D7B9 /* EssentialFeedEndToEndTests.swift */; };
		3C13DB5B2A01CE6C0048D7B9 /* EssentialFeed.framework in Frameworks */ = {isa = PBXBuildFile; fileRef = 3CD1B14B29D50FC6000DBDDC /* EssentialFeed.framework */; };
		3C13DB612A01D1540048D7B9 /* XCTestCase+MemoryLeakTrackings.swift in Sources */ = {isa = PBXBuildFile; fileRef = 3C4903AE2A00673900EE1667 /* XCTestCase+MemoryLeakTrackings.swift */; };
		3C2F85482A89AA2C0075B1C9 /* FeedViewController+TestHelpers.swift in Sources */ = {isa = PBXBuildFile; fileRef = 3C2F85472A89AA2C0075B1C9 /* FeedViewController+TestHelpers.swift */; };
		3C2F854A2A89AE640075B1C9 /* ErrorView.swift in Sources */ = {isa = PBXBuildFile; fileRef = 3C2F85492A89AE640075B1C9 /* ErrorView.swift */; };
		3C2F85582A89B1B00075B1C9 /* UIRefreshControl+Helpers.swift in Sources */ = {isa = PBXBuildFile; fileRef = 3C2F85572A89B1B00075B1C9 /* UIRefreshControl+Helpers.swift */; };
		3C2F855B2A89B44D0075B1C9 /* FeedPresenterTests.swift in Sources */ = {isa = PBXBuildFile; fileRef = 3C2F855A2A89B44D0075B1C9 /* FeedPresenterTests.swift */; };
		3C2F85642A89B7BE0075B1C9 /* FeedPresenter.swift in Sources */ = {isa = PBXBuildFile; fileRef = 3C2F85632A89B7BE0075B1C9 /* FeedPresenter.swift */; };
		3C2F85652A89B7D10075B1C9 /* Feed.strings in Resources */ = {isa = PBXBuildFile; fileRef = 3C2F85602A89B69B0075B1C9 /* Feed.strings */; };
		3C2F85672A89B8D40075B1C9 /* FeedViewModel.swift in Sources */ = {isa = PBXBuildFile; fileRef = 3C2F85662A89B8D40075B1C9 /* FeedViewModel.swift */; };
		3C2F85692A89B9550075B1C9 /* FeedLoadingViewModel.swift in Sources */ = {isa = PBXBuildFile; fileRef = 3C2F85682A89B9540075B1C9 /* FeedLoadingViewModel.swift */; };
		3C2F856B2A89B99D0075B1C9 /* FeedErrorViewModel.swift in Sources */ = {isa = PBXBuildFile; fileRef = 3C2F856A2A89B99D0075B1C9 /* FeedErrorViewModel.swift */; };
		3C3821FA2A4525D90049AF29 /* ValidateFeedCacheUseCaseTests.swift in Sources */ = {isa = PBXBuildFile; fileRef = 3C3821F92A4525D90049AF29 /* ValidateFeedCacheUseCaseTests.swift */; };
		3C3821FD2A452C090049AF29 /* FeedCacheHelpers.swift in Sources */ = {isa = PBXBuildFile; fileRef = 3C3821FC2A452C090049AF29 /* FeedCacheHelpers.swift */; };
		3C3821FF2A46183A0049AF29 /* FeedCachePolicy.swift in Sources */ = {isa = PBXBuildFile; fileRef = 3C3821FE2A46183A0049AF29 /* FeedCachePolicy.swift */; };
		3C3822012A4773A40049AF29 /* CodableFeedStoreTests.swift in Sources */ = {isa = PBXBuildFile; fileRef = 3C3822002A4773A40049AF29 /* CodableFeedStoreTests.swift */; };
		3C4903A72A002B7000EE1667 /* HTTPClient.swift in Sources */ = {isa = PBXBuildFile; fileRef = 3C4903A62A002B7000EE1667 /* HTTPClient.swift */; };
		3C4903A92A002C1200EE1667 /* FeedItemsMapper.swift in Sources */ = {isa = PBXBuildFile; fileRef = 3C4903A82A002C1200EE1667 /* FeedItemsMapper.swift */; };
		3C4903AC2A0043F200EE1667 /* URLSessionHTTPClientTests.swift in Sources */ = {isa = PBXBuildFile; fileRef = 3C4903AB2A0043F200EE1667 /* URLSessionHTTPClientTests.swift */; };
		3C4903AF2A00673900EE1667 /* XCTestCase+MemoryLeakTrackings.swift in Sources */ = {isa = PBXBuildFile; fileRef = 3C4903AE2A00673900EE1667 /* XCTestCase+MemoryLeakTrackings.swift */; };
		3C50244C2A1506A5006F8AFD /* CachefeedUseCaseTests.swift in Sources */ = {isa = PBXBuildFile; fileRef = 3C50244B2A1506A5006F8AFD /* CachefeedUseCaseTests.swift */; };
		3C50244F2A153CB8006F8AFD /* LocalFeedLoader.swift in Sources */ = {isa = PBXBuildFile; fileRef = 3C50244E2A153CB8006F8AFD /* LocalFeedLoader.swift */; };
		3C5024512A153D57006F8AFD /* FeedStorePorotocol.swift in Sources */ = {isa = PBXBuildFile; fileRef = 3C5024502A153D57006F8AFD /* FeedStorePorotocol.swift */; };
		3C5024532A154B77006F8AFD /* RemoteFeedItem.swift in Sources */ = {isa = PBXBuildFile; fileRef = 3C5024522A154B77006F8AFD /* RemoteFeedItem.swift */; };
		3C5024552A154BAB006F8AFD /* LocalFeedImage.swift in Sources */ = {isa = PBXBuildFile; fileRef = 3C5024542A154BAB006F8AFD /* LocalFeedImage.swift */; };
		3C5024572A1552D6006F8AFD /* LoadFeedFromCacheUseCaseTests.swift in Sources */ = {isa = PBXBuildFile; fileRef = 3C5024562A1552D6006F8AFD /* LoadFeedFromCacheUseCaseTests.swift */; };
		3C5024592A1553C4006F8AFD /* FeedStoreSpy.swift in Sources */ = {isa = PBXBuildFile; fileRef = 3C5024582A1553C4006F8AFD /* FeedStoreSpy.swift */; };
		3C66A1AB2A5B083200716098 /* EssentialFeediOS.framework in Frameworks */ = {isa = PBXBuildFile; fileRef = 3C66A1A32A5B083100716098 /* EssentialFeediOS.framework */; };
		3C66A1BB2A5B0F0200716098 /* FeedUIIntegrationTests.swift in Sources */ = {isa = PBXBuildFile; fileRef = 3C66A1BA2A5B0F0200716098 /* FeedUIIntegrationTests.swift */; };
		3C66A1BD2A5B124500716098 /* EssentialFeed.framework in Frameworks */ = {isa = PBXBuildFile; fileRef = 3CD1B14B29D50FC6000DBDDC /* EssentialFeed.framework */; };
		3C66A1BE2A5B124500716098 /* EssentialFeed.framework in Embed Frameworks */ = {isa = PBXBuildFile; fileRef = 3CD1B14B29D50FC6000DBDDC /* EssentialFeed.framework */; settings = {ATTRIBUTES = (CodeSignOnCopy, RemoveHeadersOnCopy, ); }; };
		3C66A1C22A5B137B00716098 /* XCTestCase+MemoryLeakTrackings.swift in Sources */ = {isa = PBXBuildFile; fileRef = 3C4903AE2A00673900EE1667 /* XCTestCase+MemoryLeakTrackings.swift */; };
		3C66A1C42A5B1DA600716098 /* FeedViewController.swift in Sources */ = {isa = PBXBuildFile; fileRef = 3C66A1C32A5B1DA600716098 /* FeedViewController.swift */; };
		3C66A1C62A5B212000716098 /* FeedImageCell.swift in Sources */ = {isa = PBXBuildFile; fileRef = 3C66A1C52A5B212000716098 /* FeedImageCell.swift */; };
		3C67DBB52A4A2F1200125CA6 /* CoreDataFeedStoreTests.swift in Sources */ = {isa = PBXBuildFile; fileRef = 3C67DBB42A4A2F1200125CA6 /* CoreDataFeedStoreTests.swift */; };
		3C67DBB72A4A2F6A00125CA6 /* CoreDataFeedStore.swift in Sources */ = {isa = PBXBuildFile; fileRef = 3C67DBB62A4A2F6A00125CA6 /* CoreDataFeedStore.swift */; };
		3C7258E12A4B15B800633973 /* XCTestCase+FailableRetrieveFeedStoreSpecs.swift in Sources */ = {isa = PBXBuildFile; fileRef = 3C7258E02A4B15B800633973 /* XCTestCase+FailableRetrieveFeedStoreSpecs.swift */; };
		3C7258E32A4B162100633973 /* XCTestCase+FailableInsertFeedStoreSpecs.swift in Sources */ = {isa = PBXBuildFile; fileRef = 3C7258E22A4B162100633973 /* XCTestCase+FailableInsertFeedStoreSpecs.swift */; };
		3C7258E62A4B173800633973 /* XCTestCase+FailableDeleteFeedStoreSpecs.swift in Sources */ = {isa = PBXBuildFile; fileRef = 3C7258E52A4B173800633973 /* XCTestCase+FailableDeleteFeedStoreSpecs.swift */; };
		3C7258E92A4B185E00633973 /* XCTestCase+FeedStoreSpecs.swift in Sources */ = {isa = PBXBuildFile; fileRef = 3C7258E82A4B185E00633973 /* XCTestCase+FeedStoreSpecs.swift */; };
		3C7258EC2A4B1A3800633973 /* FeedStore.xcdatamodeld in Sources */ = {isa = PBXBuildFile; fileRef = 3C7258EA2A4B1A3800633973 /* FeedStore.xcdatamodeld */; };
		3C7258F02A4B23A100633973 /* ManagedFeedImage.swift in Sources */ = {isa = PBXBuildFile; fileRef = 3C7258EF2A4B23A100633973 /* ManagedFeedImage.swift */; };
		3C7258F22A4B23EE00633973 /* ManagedCache.swift in Sources */ = {isa = PBXBuildFile; fileRef = 3C7258F12A4B23EE00633973 /* ManagedCache.swift */; };
		3C7258F42A4B24F900633973 /* CoreDataHelpers.swift in Sources */ = {isa = PBXBuildFile; fileRef = 3C7258F32A4B24F900633973 /* CoreDataHelpers.swift */; };
		3C7ECE682A6CA8E300B56822 /* UIImage+TestHelpers.swift in Sources */ = {isa = PBXBuildFile; fileRef = 3C7ECE672A6CA8E300B56822 /* UIImage+TestHelpers.swift */; };
		3C7ECE6A2A6CA91D00B56822 /* UIRefreshControl+TestHelpers.swift in Sources */ = {isa = PBXBuildFile; fileRef = 3C7ECE692A6CA91D00B56822 /* UIRefreshControl+TestHelpers.swift */; };
		3C7ECE6C2A6CA94500B56822 /* UIButton+TestHelpers.swift in Sources */ = {isa = PBXBuildFile; fileRef = 3C7ECE6B2A6CA94500B56822 /* UIButton+TestHelpers.swift */; };
		3C7ECE712A6CAB8300B56822 /* FeedImageDataLoaderTask.swift in Sources */ = {isa = PBXBuildFile; fileRef = 3C7ECE702A6CAB8300B56822 /* FeedImageDataLoaderTask.swift */; };
		3C7ECE752A6D64F200B56822 /* FeedImageCellController.swift in Sources */ = {isa = PBXBuildFile; fileRef = 3C7ECE742A6D64F200B56822 /* FeedImageCellController.swift */; };
		3C7ECE782A6D704000B56822 /* FeedUIComposer.swift in Sources */ = {isa = PBXBuildFile; fileRef = 3C7ECE772A6D704000B56822 /* FeedUIComposer.swift */; };
		3C8AC23F2A0E939F007E035E /* README.md in Resources */ = {isa = PBXBuildFile; fileRef = 3C8AC23E2A0E939F007E035E /* README.md */; };
		3C8F43592A6FF62B002B5372 /* UITableView+Ext.swift in Sources */ = {isa = PBXBuildFile; fileRef = 3C8F43582A6FF62B002B5372 /* UITableView+Ext.swift */; };
		3C8F435B2A6FF7AA002B5372 /* UlImageView+Ext.swift in Sources */ = {isa = PBXBuildFile; fileRef = 3C8F435A2A6FF7AA002B5372 /* UlImageView+Ext.swift */; };
		3C8F43602A70AB19002B5372 /* FeedLocalizationTests.swift in Sources */ = {isa = PBXBuildFile; fileRef = 3C8F435F2A70AB19002B5372 /* FeedLocalizationTests.swift */; };
		3C8F43622A70B389002B5372 /* MainQueueDispatchDecorator.swift in Sources */ = {isa = PBXBuildFile; fileRef = 3C8F43612A70B389002B5372 /* MainQueueDispatchDecorator.swift */; };
		3C8F43642A70B401002B5372 /* WeakRefVirtualProxy.swift in Sources */ = {isa = PBXBuildFile; fileRef = 3C8F43632A70B401002B5372 /* WeakRefVirtualProxy.swift */; };
		3C8F43662A70B46A002B5372 /* FeedViewAdapter.swift in Sources */ = {isa = PBXBuildFile; fileRef = 3C8F43652A70B46A002B5372 /* FeedViewAdapter.swift */; };
		3C8F43682A70B4FE002B5372 /* FeedImageDataLoaderPresentationAdapter.swift in Sources */ = {isa = PBXBuildFile; fileRef = 3C8F43672A70B4FE002B5372 /* FeedImageDataLoaderPresentationAdapter.swift */; };
		3C8F436A2A70B543002B5372 /* FeedLoaderPresentationAdapter.swift in Sources */ = {isa = PBXBuildFile; fileRef = 3C8F43692A70B543002B5372 /* FeedLoaderPresentationAdapter.swift */; };
		3CA0E2DC2A90479500B5BFA8 /* FeedImagePresenterTests.swift in Sources */ = {isa = PBXBuildFile; fileRef = 3CA0E2DB2A90479500B5BFA8 /* FeedImagePresenterTests.swift */; };
		3CA0E2DE2A9048FE00B5BFA8 /* FeedUIIntegrationTests+Localization.swift in Sources */ = {isa = PBXBuildFile; fileRef = 3CA0E2DD2A9048FE00B5BFA8 /* FeedUIIntegrationTests+Localization.swift */; };
		3CA0E2DF2A90FCDD00B5BFA8 /* FeedImagePresenter.swift in Sources */ = {isa = PBXBuildFile; fileRef = 3CD2CF4F2A6DCD0F0031D77F /* FeedImagePresenter.swift */; };
		3CA0E2E02A90FDAB00B5BFA8 /* FeedImageViewModel.swift in Sources */ = {isa = PBXBuildFile; fileRef = 3C7ECE7C2A6D88AF00B56822 /* FeedImageViewModel.swift */; };
		3CA0E2E22A91029000B5BFA8 /* FeedImageCell+TestHelpers.swift in Sources */ = {isa = PBXBuildFile; fileRef = 3CA0E2E12A91029000B5BFA8 /* FeedImageCell+TestHelpers.swift */; };
		3CA0E2E42A9102BE00B5BFA8 /* FeedUIIntegrationTests+Assertions.swift in Sources */ = {isa = PBXBuildFile; fileRef = 3CA0E2E32A9102BE00B5BFA8 /* FeedUIIntegrationTests+Assertions.swift */; };
		3CA0E2E62A9102EE00B5BFA8 /* FeedUIIntegrationTests+LoaderSpy.swift in Sources */ = {isa = PBXBuildFile; fileRef = 3CA0E2E52A9102EE00B5BFA8 /* FeedUIIntegrationTests+LoaderSpy.swift */; };
		3CA0E2E82A9103AA00B5BFA8 /* UIControl+TestHelpers.swift in Sources */ = {isa = PBXBuildFile; fileRef = 3CA0E2E72A9103AA00B5BFA8 /* UIControl+TestHelpers.swift */; };
		3CAAE46B2A48F481000EEEC9 /* CodableFeedStore.swift in Sources */ = {isa = PBXBuildFile; fileRef = 3CAAE46A2A48F481000EEEC9 /* CodableFeedStore.swift */; };
		3CAAE46D2A48FDBE000EEEC9 /* FeedStoreSpecs.swift in Sources */ = {isa = PBXBuildFile; fileRef = 3CAAE46C2A48FDBE000EEEC9 /* FeedStoreSpecs.swift */; };
		3CAF4A182A49DA720003FB35 /* URLProtocolStub.swift in Sources */ = {isa = PBXBuildFile; fileRef = 3CAF4A172A49DA720003FB35 /* URLProtocolStub.swift */; };
		3CCCC3EC2A6C8E8E00EEB143 /* UIView+Shimmering.swift in Sources */ = {isa = PBXBuildFile; fileRef = 3CCCC3EB2A6C8E8E00EEB143 /* UIView+Shimmering.swift */; };
		3CD1B14F29D50FC6000DBDDC /* EssentialFeed.h in Headers */ = {isa = PBXBuildFile; fileRef = 3CD1B14E29D50FC6000DBDDC /* EssentialFeed.h */; settings = {ATTRIBUTES = (Public, ); }; };
		3CD1B15C29D50FDA000DBDDC /* EssentialFeedTests.swift in Sources */ = {isa = PBXBuildFile; fileRef = 3CD1B15B29D50FDA000DBDDC /* EssentialFeedTests.swift */; };
		3CD1B15D29D50FDA000DBDDC /* EssentialFeed.framework in Frameworks */ = {isa = PBXBuildFile; fileRef = 3CD1B14B29D50FC6000DBDDC /* EssentialFeed.framework */; };
		3CD1B16529D511BB000DBDDC /* FeedImage.swift in Sources */ = {isa = PBXBuildFile; fileRef = 3CD1B16429D511BB000DBDDC /* FeedImage.swift */; };
		3CD1B16729D511C8000DBDDC /* FeedLoader.swift in Sources */ = {isa = PBXBuildFile; fileRef = 3CD1B16629D511C8000DBDDC /* FeedLoader.swift */; };
		3CD1B16929D51290000DBDDC /* LoadFeedFromRemoteUseCaseTests.swift in Sources */ = {isa = PBXBuildFile; fileRef = 3CD1B16829D51290000DBDDC /* LoadFeedFromRemoteUseCaseTests.swift */; };
		3CD2CF562A6F4F9E0031D77F /* Feed.storyboard in Resources */ = {isa = PBXBuildFile; fileRef = 3CD2CF552A6F4F9E0031D77F /* Feed.storyboard */; };
		3CD2CF582A6F50040031D77F /* Feed.xcassets in Resources */ = {isa = PBXBuildFile; fileRef = 3CD2CF572A6F50040031D77F /* Feed.xcassets */; };
		3CE7F62B2A4B485600A8A593 /* FeedCacheHelpers.swift in Sources */ = {isa = PBXBuildFile; fileRef = 3C3821FC2A452C090049AF29 /* FeedCacheHelpers.swift */; };
		3CE7F62C2A4B488800A8A593 /* FeedStoreSpy.swift in Sources */ = {isa = PBXBuildFile; fileRef = 3C5024582A1553C4006F8AFD /* FeedStoreSpy.swift */; };
		3CF13E492A4A2A8700506D50 /* EssentialFeedCacheIntegrationTests.swift in Sources */ = {isa = PBXBuildFile; fileRef = 3CF13E482A4A2A8700506D50 /* EssentialFeedCacheIntegrationTests.swift */; };
		3CF13E4A2A4A2A8700506D50 /* EssentialFeed.framework in Frameworks */ = {isa = PBXBuildFile; fileRef = 3CD1B14B29D50FC6000DBDDC /* EssentialFeed.framework */; };
		3CF13E502A4A2D0100506D50 /* XCTestCase+MemoryLeakTrackings.swift in Sources */ = {isa = PBXBuildFile; fileRef = 3C4903AE2A00673900EE1667 /* XCTestCase+MemoryLeakTrackings.swift */; };
		3CF516B429DE197700D354DF /* RemoteFeedLoader.swift in Sources */ = {isa = PBXBuildFile; fileRef = 3CF516B329DE197700D354DF /* RemoteFeedLoader.swift */; };
/* End PBXBuildFile section */

/* Begin PBXContainerItemProxy section */
		3C13DB5C2A01CE6C0048D7B9 /* PBXContainerItemProxy */ = {
			isa = PBXContainerItemProxy;
			containerPortal = 3CD1B14229D50FC6000DBDDC /* Project object */;
			proxyType = 1;
			remoteGlobalIDString = 3CD1B14A29D50FC6000DBDDC;
			remoteInfo = EssentialFeed;
		};
		3C66A1AC2A5B083200716098 /* PBXContainerItemProxy */ = {
			isa = PBXContainerItemProxy;
			containerPortal = 3CD1B14229D50FC6000DBDDC /* Project object */;
			proxyType = 1;
			remoteGlobalIDString = 3C66A1A22A5B083100716098;
			remoteInfo = EssentialFeediOS;
		};
		3C66A1BF2A5B124500716098 /* PBXContainerItemProxy */ = {
			isa = PBXContainerItemProxy;
			containerPortal = 3CD1B14229D50FC6000DBDDC /* Project object */;
			proxyType = 1;
			remoteGlobalIDString = 3CD1B14A29D50FC6000DBDDC;
			remoteInfo = EssentialFeed;
		};
		3CD1B15E29D50FDA000DBDDC /* PBXContainerItemProxy */ = {
			isa = PBXContainerItemProxy;
			containerPortal = 3CD1B14229D50FC6000DBDDC /* Project object */;
			proxyType = 1;
			remoteGlobalIDString = 3CD1B14A29D50FC6000DBDDC;
			remoteInfo = EssentialFeed;
		};
		3CF13E4B2A4A2A8700506D50 /* PBXContainerItemProxy */ = {
			isa = PBXContainerItemProxy;
			containerPortal = 3CD1B14229D50FC6000DBDDC /* Project object */;
			proxyType = 1;
			remoteGlobalIDString = 3CD1B14A29D50FC6000DBDDC;
			remoteInfo = EssentialFeed;
		};
/* End PBXContainerItemProxy section */

/* Begin PBXCopyFilesBuildPhase section */
		3C66A1C12A5B124500716098 /* Embed Frameworks */ = {
			isa = PBXCopyFilesBuildPhase;
			buildActionMask = 2147483647;
			dstPath = "";
			dstSubfolderSpec = 10;
			files = (
				3C66A1BE2A5B124500716098 /* EssentialFeed.framework in Embed Frameworks */,
			);
			name = "Embed Frameworks";
			runOnlyForDeploymentPostprocessing = 0;
		};
/* End PBXCopyFilesBuildPhase section */

/* Begin PBXFileReference section */
		3C13DB512A01C8BB0048D7B9 /* URLSessionHTTPClient.swift */ = {isa = PBXFileReference; lastKnownFileType = sourcecode.swift; path = URLSessionHTTPClient.swift; sourceTree = "<group>"; };
		3C13DB572A01CE6C0048D7B9 /* EssentialFeedAPIEndToEndTests.xctest */ = {isa = PBXFileReference; explicitFileType = wrapper.cfbundle; includeInIndex = 0; path = EssentialFeedAPIEndToEndTests.xctest; sourceTree = BUILT_PRODUCTS_DIR; };
		3C13DB592A01CE6C0048D7B9 /* EssentialFeedEndToEndTests.swift */ = {isa = PBXFileReference; lastKnownFileType = sourcecode.swift; path = EssentialFeedEndToEndTests.swift; sourceTree = "<group>"; };
		3C2F85472A89AA2C0075B1C9 /* FeedViewController+TestHelpers.swift */ = {isa = PBXFileReference; lastKnownFileType = sourcecode.swift; path = "FeedViewController+TestHelpers.swift"; sourceTree = "<group>"; };
		3C2F85492A89AE640075B1C9 /* ErrorView.swift */ = {isa = PBXFileReference; lastKnownFileType = sourcecode.swift; path = ErrorView.swift; sourceTree = "<group>"; };
		3C2F85572A89B1B00075B1C9 /* UIRefreshControl+Helpers.swift */ = {isa = PBXFileReference; lastKnownFileType = sourcecode.swift; path = "UIRefreshControl+Helpers.swift"; sourceTree = "<group>"; };
		3C2F855A2A89B44D0075B1C9 /* FeedPresenterTests.swift */ = {isa = PBXFileReference; lastKnownFileType = sourcecode.swift; path = FeedPresenterTests.swift; sourceTree = "<group>"; };
		3C2F855F2A89B69B0075B1C9 /* en */ = {isa = PBXFileReference; lastKnownFileType = text.plist.strings; name = en; path = en.lproj/Feed.strings; sourceTree = "<group>"; };
		3C2F85612A89B6AC0075B1C9 /* pt-BR */ = {isa = PBXFileReference; lastKnownFileType = text.plist.strings; name = "pt-BR"; path = "pt-BR.lproj/Feed.strings"; sourceTree = "<group>"; };
		3C2F85632A89B7BE0075B1C9 /* FeedPresenter.swift */ = {isa = PBXFileReference; lastKnownFileType = sourcecode.swift; path = FeedPresenter.swift; sourceTree = "<group>"; };
		3C2F85662A89B8D40075B1C9 /* FeedViewModel.swift */ = {isa = PBXFileReference; lastKnownFileType = sourcecode.swift; path = FeedViewModel.swift; sourceTree = "<group>"; };
		3C2F85682A89B9540075B1C9 /* FeedLoadingViewModel.swift */ = {isa = PBXFileReference; lastKnownFileType = sourcecode.swift; path = FeedLoadingViewModel.swift; sourceTree = "<group>"; };
		3C2F856A2A89B99D0075B1C9 /* FeedErrorViewModel.swift */ = {isa = PBXFileReference; lastKnownFileType = sourcecode.swift; path = FeedErrorViewModel.swift; sourceTree = "<group>"; };
		3C3821F92A4525D90049AF29 /* ValidateFeedCacheUseCaseTests.swift */ = {isa = PBXFileReference; lastKnownFileType = sourcecode.swift; path = ValidateFeedCacheUseCaseTests.swift; sourceTree = "<group>"; };
		3C3821FC2A452C090049AF29 /* FeedCacheHelpers.swift */ = {isa = PBXFileReference; lastKnownFileType = sourcecode.swift; path = FeedCacheHelpers.swift; sourceTree = "<group>"; };
		3C3821FE2A46183A0049AF29 /* FeedCachePolicy.swift */ = {isa = PBXFileReference; lastKnownFileType = sourcecode.swift; path = FeedCachePolicy.swift; sourceTree = "<group>"; };
		3C3822002A4773A40049AF29 /* CodableFeedStoreTests.swift */ = {isa = PBXFileReference; lastKnownFileType = sourcecode.swift; path = CodableFeedStoreTests.swift; sourceTree = "<group>"; };
		3C4903A62A002B7000EE1667 /* HTTPClient.swift */ = {isa = PBXFileReference; lastKnownFileType = sourcecode.swift; path = HTTPClient.swift; sourceTree = "<group>"; };
		3C4903A82A002C1200EE1667 /* FeedItemsMapper.swift */ = {isa = PBXFileReference; lastKnownFileType = sourcecode.swift; path = FeedItemsMapper.swift; sourceTree = "<group>"; };
		3C4903AB2A0043F200EE1667 /* URLSessionHTTPClientTests.swift */ = {isa = PBXFileReference; lastKnownFileType = sourcecode.swift; path = URLSessionHTTPClientTests.swift; sourceTree = "<group>"; };
		3C4903AE2A00673900EE1667 /* XCTestCase+MemoryLeakTrackings.swift */ = {isa = PBXFileReference; lastKnownFileType = sourcecode.swift; path = "XCTestCase+MemoryLeakTrackings.swift"; sourceTree = "<group>"; };
		3C50244B2A1506A5006F8AFD /* CachefeedUseCaseTests.swift */ = {isa = PBXFileReference; lastKnownFileType = sourcecode.swift; path = CachefeedUseCaseTests.swift; sourceTree = "<group>"; };
		3C50244E2A153CB8006F8AFD /* LocalFeedLoader.swift */ = {isa = PBXFileReference; lastKnownFileType = sourcecode.swift; path = LocalFeedLoader.swift; sourceTree = "<group>"; };
		3C5024502A153D57006F8AFD /* FeedStorePorotocol.swift */ = {isa = PBXFileReference; lastKnownFileType = sourcecode.swift; path = FeedStorePorotocol.swift; sourceTree = "<group>"; };
		3C5024522A154B77006F8AFD /* RemoteFeedItem.swift */ = {isa = PBXFileReference; lastKnownFileType = sourcecode.swift; path = RemoteFeedItem.swift; sourceTree = "<group>"; };
		3C5024542A154BAB006F8AFD /* LocalFeedImage.swift */ = {isa = PBXFileReference; lastKnownFileType = sourcecode.swift; path = LocalFeedImage.swift; sourceTree = "<group>"; };
		3C5024562A1552D6006F8AFD /* LoadFeedFromCacheUseCaseTests.swift */ = {isa = PBXFileReference; lastKnownFileType = sourcecode.swift; path = LoadFeedFromCacheUseCaseTests.swift; sourceTree = "<group>"; };
		3C5024582A1553C4006F8AFD /* FeedStoreSpy.swift */ = {isa = PBXFileReference; lastKnownFileType = sourcecode.swift; path = FeedStoreSpy.swift; sourceTree = "<group>"; };
		3C66A19D2A5B065C00716098 /* EssentialFeedAPIEndToEndTests.xctestplan */ = {isa = PBXFileReference; lastKnownFileType = text; path = EssentialFeedAPIEndToEndTests.xctestplan; sourceTree = "<group>"; };
		3C66A1A32A5B083100716098 /* EssentialFeediOS.framework */ = {isa = PBXFileReference; explicitFileType = wrapper.framework; includeInIndex = 0; path = EssentialFeediOS.framework; sourceTree = BUILT_PRODUCTS_DIR; };
		3C66A1AA2A5B083200716098 /* EssentialFeediOSTests.xctest */ = {isa = PBXFileReference; explicitFileType = wrapper.cfbundle; includeInIndex = 0; path = EssentialFeediOSTests.xctest; sourceTree = BUILT_PRODUCTS_DIR; };
		3C66A1B82A5B089100716098 /* EssentialFeediOS.xctestplan */ = {isa = PBXFileReference; lastKnownFileType = text; path = EssentialFeediOS.xctestplan; sourceTree = "<group>"; };
		3C66A1B92A5B0A0F00716098 /* CI_iOS.xctestplan */ = {isa = PBXFileReference; lastKnownFileType = text; path = CI_iOS.xctestplan; sourceTree = "<group>"; };
		3C66A1BA2A5B0F0200716098 /* FeedUIIntegrationTests.swift */ = {isa = PBXFileReference; lastKnownFileType = sourcecode.swift; path = FeedUIIntegrationTests.swift; sourceTree = "<group>"; };
		3C66A1C32A5B1DA600716098 /* FeedViewController.swift */ = {isa = PBXFileReference; lastKnownFileType = sourcecode.swift; path = FeedViewController.swift; sourceTree = "<group>"; };
		3C66A1C52A5B212000716098 /* FeedImageCell.swift */ = {isa = PBXFileReference; lastKnownFileType = sourcecode.swift; path = FeedImageCell.swift; sourceTree = "<group>"; };
		3C67DBB42A4A2F1200125CA6 /* CoreDataFeedStoreTests.swift */ = {isa = PBXFileReference; lastKnownFileType = sourcecode.swift; path = CoreDataFeedStoreTests.swift; sourceTree = "<group>"; };
		3C67DBB62A4A2F6A00125CA6 /* CoreDataFeedStore.swift */ = {isa = PBXFileReference; lastKnownFileType = sourcecode.swift; path = CoreDataFeedStore.swift; sourceTree = "<group>"; };
		3C7258E02A4B15B800633973 /* XCTestCase+FailableRetrieveFeedStoreSpecs.swift */ = {isa = PBXFileReference; lastKnownFileType = sourcecode.swift; path = "XCTestCase+FailableRetrieveFeedStoreSpecs.swift"; sourceTree = "<group>"; };
		3C7258E22A4B162100633973 /* XCTestCase+FailableInsertFeedStoreSpecs.swift */ = {isa = PBXFileReference; lastKnownFileType = sourcecode.swift; path = "XCTestCase+FailableInsertFeedStoreSpecs.swift"; sourceTree = "<group>"; };
		3C7258E52A4B173800633973 /* XCTestCase+FailableDeleteFeedStoreSpecs.swift */ = {isa = PBXFileReference; lastKnownFileType = sourcecode.swift; path = "XCTestCase+FailableDeleteFeedStoreSpecs.swift"; sourceTree = "<group>"; };
		3C7258E82A4B185E00633973 /* XCTestCase+FeedStoreSpecs.swift */ = {isa = PBXFileReference; lastKnownFileType = sourcecode.swift; path = "XCTestCase+FeedStoreSpecs.swift"; sourceTree = "<group>"; };
		3C7258EB2A4B1A3800633973 /* FeedStore.xcdatamodel */ = {isa = PBXFileReference; lastKnownFileType = wrapper.xcdatamodel; path = FeedStore.xcdatamodel; sourceTree = "<group>"; };
		3C7258EF2A4B23A100633973 /* ManagedFeedImage.swift */ = {isa = PBXFileReference; lastKnownFileType = sourcecode.swift; path = ManagedFeedImage.swift; sourceTree = "<group>"; };
		3C7258F12A4B23EE00633973 /* ManagedCache.swift */ = {isa = PBXFileReference; lastKnownFileType = sourcecode.swift; path = ManagedCache.swift; sourceTree = "<group>"; };
		3C7258F32A4B24F900633973 /* CoreDataHelpers.swift */ = {isa = PBXFileReference; lastKnownFileType = sourcecode.swift; path = CoreDataHelpers.swift; sourceTree = "<group>"; };
		3C7ECE672A6CA8E300B56822 /* UIImage+TestHelpers.swift */ = {isa = PBXFileReference; lastKnownFileType = sourcecode.swift; path = "UIImage+TestHelpers.swift"; sourceTree = "<group>"; };
		3C7ECE692A6CA91D00B56822 /* UIRefreshControl+TestHelpers.swift */ = {isa = PBXFileReference; lastKnownFileType = sourcecode.swift; path = "UIRefreshControl+TestHelpers.swift"; sourceTree = "<group>"; };
		3C7ECE6B2A6CA94500B56822 /* UIButton+TestHelpers.swift */ = {isa = PBXFileReference; lastKnownFileType = sourcecode.swift; path = "UIButton+TestHelpers.swift"; sourceTree = "<group>"; };
		3C7ECE702A6CAB8300B56822 /* FeedImageDataLoaderTask.swift */ = {isa = PBXFileReference; lastKnownFileType = sourcecode.swift; path = FeedImageDataLoaderTask.swift; sourceTree = "<group>"; };
		3C7ECE742A6D64F200B56822 /* FeedImageCellController.swift */ = {isa = PBXFileReference; lastKnownFileType = sourcecode.swift; path = FeedImageCellController.swift; sourceTree = "<group>"; };
		3C7ECE772A6D704000B56822 /* FeedUIComposer.swift */ = {isa = PBXFileReference; lastKnownFileType = sourcecode.swift; path = FeedUIComposer.swift; sourceTree = "<group>"; };
		3C7ECE7C2A6D88AF00B56822 /* FeedImageViewModel.swift */ = {isa = PBXFileReference; lastKnownFileType = sourcecode.swift; path = FeedImageViewModel.swift; sourceTree = "<group>"; };
		3C8AC23E2A0E939F007E035E /* README.md */ = {isa = PBXFileReference; fileEncoding = 4; lastKnownFileType = net.daringfireball.markdown; path = README.md; sourceTree = "<group>"; };
		3C8F43582A6FF62B002B5372 /* UITableView+Ext.swift */ = {isa = PBXFileReference; lastKnownFileType = sourcecode.swift; path = "UITableView+Ext.swift"; sourceTree = "<group>"; };
		3C8F435A2A6FF7AA002B5372 /* UlImageView+Ext.swift */ = {isa = PBXFileReference; lastKnownFileType = sourcecode.swift; path = "UlImageView+Ext.swift"; sourceTree = "<group>"; };
		3C8F435F2A70AB19002B5372 /* FeedLocalizationTests.swift */ = {isa = PBXFileReference; lastKnownFileType = sourcecode.swift; path = FeedLocalizationTests.swift; sourceTree = "<group>"; };
		3C8F43612A70B389002B5372 /* MainQueueDispatchDecorator.swift */ = {isa = PBXFileReference; lastKnownFileType = sourcecode.swift; path = MainQueueDispatchDecorator.swift; sourceTree = "<group>"; };
		3C8F43632A70B401002B5372 /* WeakRefVirtualProxy.swift */ = {isa = PBXFileReference; lastKnownFileType = sourcecode.swift; path = WeakRefVirtualProxy.swift; sourceTree = "<group>"; };
		3C8F43652A70B46A002B5372 /* FeedViewAdapter.swift */ = {isa = PBXFileReference; lastKnownFileType = sourcecode.swift; path = FeedViewAdapter.swift; sourceTree = "<group>"; };
		3C8F43672A70B4FE002B5372 /* FeedImageDataLoaderPresentationAdapter.swift */ = {isa = PBXFileReference; lastKnownFileType = sourcecode.swift; path = FeedImageDataLoaderPresentationAdapter.swift; sourceTree = "<group>"; };
		3C8F43692A70B543002B5372 /* FeedLoaderPresentationAdapter.swift */ = {isa = PBXFileReference; lastKnownFileType = sourcecode.swift; path = FeedLoaderPresentationAdapter.swift; sourceTree = "<group>"; };
		3CA0E2DB2A90479500B5BFA8 /* FeedImagePresenterTests.swift */ = {isa = PBXFileReference; lastKnownFileType = sourcecode.swift; path = FeedImagePresenterTests.swift; sourceTree = "<group>"; };
		3CA0E2DD2A9048FE00B5BFA8 /* FeedUIIntegrationTests+Localization.swift */ = {isa = PBXFileReference; lastKnownFileType = sourcecode.swift; path = "FeedUIIntegrationTests+Localization.swift"; sourceTree = "<group>"; };
		3CA0E2E12A91029000B5BFA8 /* FeedImageCell+TestHelpers.swift */ = {isa = PBXFileReference; lastKnownFileType = sourcecode.swift; path = "FeedImageCell+TestHelpers.swift"; sourceTree = "<group>"; };
		3CA0E2E32A9102BE00B5BFA8 /* FeedUIIntegrationTests+Assertions.swift */ = {isa = PBXFileReference; lastKnownFileType = sourcecode.swift; path = "FeedUIIntegrationTests+Assertions.swift"; sourceTree = "<group>"; };
		3CA0E2E52A9102EE00B5BFA8 /* FeedUIIntegrationTests+LoaderSpy.swift */ = {isa = PBXFileReference; lastKnownFileType = sourcecode.swift; path = "FeedUIIntegrationTests+LoaderSpy.swift"; sourceTree = "<group>"; };
		3CA0E2E72A9103AA00B5BFA8 /* UIControl+TestHelpers.swift */ = {isa = PBXFileReference; lastKnownFileType = sourcecode.swift; path = "UIControl+TestHelpers.swift"; sourceTree = "<group>"; };
		3CAAE46A2A48F481000EEEC9 /* CodableFeedStore.swift */ = {isa = PBXFileReference; lastKnownFileType = sourcecode.swift; path = CodableFeedStore.swift; sourceTree = "<group>"; };
		3CAAE46C2A48FDBE000EEEC9 /* FeedStoreSpecs.swift */ = {isa = PBXFileReference; lastKnownFileType = sourcecode.swift; path = FeedStoreSpecs.swift; sourceTree = "<group>"; };
		3CAF4A172A49DA720003FB35 /* URLProtocolStub.swift */ = {isa = PBXFileReference; lastKnownFileType = sourcecode.swift; path = URLProtocolStub.swift; sourceTree = "<group>"; };
		3CCCC3EB2A6C8E8E00EEB143 /* UIView+Shimmering.swift */ = {isa = PBXFileReference; lastKnownFileType = sourcecode.swift; path = "UIView+Shimmering.swift"; sourceTree = "<group>"; };
		3CD1B14B29D50FC6000DBDDC /* EssentialFeed.framework */ = {isa = PBXFileReference; explicitFileType = wrapper.framework; includeInIndex = 0; path = EssentialFeed.framework; sourceTree = BUILT_PRODUCTS_DIR; };
		3CD1B14E29D50FC6000DBDDC /* EssentialFeed.h */ = {isa = PBXFileReference; lastKnownFileType = sourcecode.c.h; path = EssentialFeed.h; sourceTree = "<group>"; };
		3CD1B15929D50FDA000DBDDC /* EssentialFeedTests.xctest */ = {isa = PBXFileReference; explicitFileType = wrapper.cfbundle; includeInIndex = 0; path = EssentialFeedTests.xctest; sourceTree = BUILT_PRODUCTS_DIR; };
		3CD1B15B29D50FDA000DBDDC /* EssentialFeedTests.swift */ = {isa = PBXFileReference; lastKnownFileType = sourcecode.swift; path = EssentialFeedTests.swift; sourceTree = "<group>"; };
		3CD1B16429D511BB000DBDDC /* FeedImage.swift */ = {isa = PBXFileReference; lastKnownFileType = sourcecode.swift; path = FeedImage.swift; sourceTree = "<group>"; };
		3CD1B16629D511C8000DBDDC /* FeedLoader.swift */ = {isa = PBXFileReference; lastKnownFileType = sourcecode.swift; path = FeedLoader.swift; sourceTree = "<group>"; };
		3CD1B16829D51290000DBDDC /* LoadFeedFromRemoteUseCaseTests.swift */ = {isa = PBXFileReference; lastKnownFileType = sourcecode.swift; path = LoadFeedFromRemoteUseCaseTests.swift; sourceTree = "<group>"; };
		3CD2CF4F2A6DCD0F0031D77F /* FeedImagePresenter.swift */ = {isa = PBXFileReference; lastKnownFileType = sourcecode.swift; path = FeedImagePresenter.swift; sourceTree = "<group>"; };
		3CD2CF552A6F4F9E0031D77F /* Feed.storyboard */ = {isa = PBXFileReference; lastKnownFileType = file.storyboard; path = Feed.storyboard; sourceTree = "<group>"; };
		3CD2CF572A6F50040031D77F /* Feed.xcassets */ = {isa = PBXFileReference; lastKnownFileType = folder.assetcatalog; path = Feed.xcassets; sourceTree = "<group>"; };
		3CE7F62D2A4B4BC300A8A593 /* CI_macOS.xctestplan */ = {isa = PBXFileReference; lastKnownFileType = text; path = CI_macOS.xctestplan; sourceTree = "<group>"; };
		3CF13E462A4A2A8600506D50 /* EssentialFeedCacheIntegrationTests.xctest */ = {isa = PBXFileReference; explicitFileType = wrapper.cfbundle; includeInIndex = 0; path = EssentialFeedCacheIntegrationTests.xctest; sourceTree = BUILT_PRODUCTS_DIR; };
		3CF13E482A4A2A8700506D50 /* EssentialFeedCacheIntegrationTests.swift */ = {isa = PBXFileReference; lastKnownFileType = sourcecode.swift; path = EssentialFeedCacheIntegrationTests.swift; sourceTree = "<group>"; };
		3CF516B329DE197700D354DF /* RemoteFeedLoader.swift */ = {isa = PBXFileReference; lastKnownFileType = sourcecode.swift; path = RemoteFeedLoader.swift; sourceTree = "<group>"; };
/* End PBXFileReference section */

/* Begin PBXFrameworksBuildPhase section */
		3C13DB542A01CE6C0048D7B9 /* Frameworks */ = {
			isa = PBXFrameworksBuildPhase;
			buildActionMask = 2147483647;
			files = (
				3C13DB5B2A01CE6C0048D7B9 /* EssentialFeed.framework in Frameworks */,
			);
			runOnlyForDeploymentPostprocessing = 0;
		};
		3C66A1A02A5B083100716098 /* Frameworks */ = {
			isa = PBXFrameworksBuildPhase;
			buildActionMask = 2147483647;
			files = (
				3C66A1BD2A5B124500716098 /* EssentialFeed.framework in Frameworks */,
			);
			runOnlyForDeploymentPostprocessing = 0;
		};
		3C66A1A72A5B083200716098 /* Frameworks */ = {
			isa = PBXFrameworksBuildPhase;
			buildActionMask = 2147483647;
			files = (
				3C66A1AB2A5B083200716098 /* EssentialFeediOS.framework in Frameworks */,
			);
			runOnlyForDeploymentPostprocessing = 0;
		};
		3CD1B14829D50FC6000DBDDC /* Frameworks */ = {
			isa = PBXFrameworksBuildPhase;
			buildActionMask = 2147483647;
			files = (
			);
			runOnlyForDeploymentPostprocessing = 0;
		};
		3CD1B15629D50FDA000DBDDC /* Frameworks */ = {
			isa = PBXFrameworksBuildPhase;
			buildActionMask = 2147483647;
			files = (
				3CD1B15D29D50FDA000DBDDC /* EssentialFeed.framework in Frameworks */,
			);
			runOnlyForDeploymentPostprocessing = 0;
		};
		3CF13E432A4A2A8600506D50 /* Frameworks */ = {
			isa = PBXFrameworksBuildPhase;
			buildActionMask = 2147483647;
			files = (
				3CF13E4A2A4A2A8700506D50 /* EssentialFeed.framework in Frameworks */,
			);
			runOnlyForDeploymentPostprocessing = 0;
		};
/* End PBXFrameworksBuildPhase section */

/* Begin PBXGroup section */
		3C13DB582A01CE6C0048D7B9 /* EssentialFeedAPIEndToEndTests */ = {
			isa = PBXGroup;
			children = (
				3C13DB592A01CE6C0048D7B9 /* EssentialFeedEndToEndTests.swift */,
			);
			path = EssentialFeedAPIEndToEndTests;
			sourceTree = "<group>";
		};
		3C2F854D2A89B0B30075B1C9 /* Helpers */ = {
			isa = PBXGroup;
			children = (
				3C2F85572A89B1B00075B1C9 /* UIRefreshControl+Helpers.swift */,
			);
			path = Helpers;
			sourceTree = "<group>";
		};
		3C2F85592A89B4330075B1C9 /* Feed Presentation */ = {
			isa = PBXGroup;
			children = (
				3C2F855A2A89B44D0075B1C9 /* FeedPresenterTests.swift */,
				3CA0E2DB2A90479500B5BFA8 /* FeedImagePresenterTests.swift */,
			);
			path = "Feed Presentation";
			sourceTree = "<group>";
		};
		3C2F85622A89B7810075B1C9 /* Feed Presentation */ = {
			isa = PBXGroup;
			children = (
				3C2F85602A89B69B0075B1C9 /* Feed.strings */,
				3C2F856A2A89B99D0075B1C9 /* FeedErrorViewModel.swift */,
				3CD2CF4F2A6DCD0F0031D77F /* FeedImagePresenter.swift */,
				3C7ECE7C2A6D88AF00B56822 /* FeedImageViewModel.swift */,
				3C2F85682A89B9540075B1C9 /* FeedLoadingViewModel.swift */,
				3C2F85632A89B7BE0075B1C9 /* FeedPresenter.swift */,
				3C2F85662A89B8D40075B1C9 /* FeedViewModel.swift */,
			);
			path = "Feed Presentation";
			sourceTree = "<group>";
		};
		3C3821FB2A452BD70049AF29 /* Helpers */ = {
			isa = PBXGroup;
			children = (
				3C5024582A1553C4006F8AFD /* FeedStoreSpy.swift */,
				3C3821FC2A452C090049AF29 /* FeedCacheHelpers.swift */,
				3CAF4A172A49DA720003FB35 /* URLProtocolStub.swift */,
			);
			path = Helpers;
			sourceTree = "<group>";
		};
		3C4903AA2A0035BD00EE1667 /* Feed API */ = {
			isa = PBXGroup;
			children = (
				3CD1B16829D51290000DBDDC /* LoadFeedFromRemoteUseCaseTests.swift */,
				3C4903AB2A0043F200EE1667 /* URLSessionHTTPClientTests.swift */,
			);
			path = "Feed API";
			sourceTree = "<group>";
		};
		3C4903AD2A00671E00EE1667 /* Helpers */ = {
			isa = PBXGroup;
			children = (
				3C4903AE2A00673900EE1667 /* XCTestCase+MemoryLeakTrackings.swift */,
			);
			path = Helpers;
			sourceTree = "<group>";
		};
		3C50244A2A150668006F8AFD /* Feed Cache */ = {
			isa = PBXGroup;
			children = (
				3C7258E72A4B17DE00633973 /* FeedStoreSpecs */,
				3C3821FB2A452BD70049AF29 /* Helpers */,
				3C50244B2A1506A5006F8AFD /* CachefeedUseCaseTests.swift */,
				3C5024562A1552D6006F8AFD /* LoadFeedFromCacheUseCaseTests.swift */,
				3C3821F92A4525D90049AF29 /* ValidateFeedCacheUseCaseTests.swift */,
				3C3822002A4773A40049AF29 /* CodableFeedStoreTests.swift */,
				3C67DBB42A4A2F1200125CA6 /* CoreDataFeedStoreTests.swift */,
			);
			path = "Feed Cache";
			sourceTree = "<group>";
		};
		3C50244D2A153795006F8AFD /* Feed Cache */ = {
			isa = PBXGroup;
			children = (
				3C7258ED2A4B22AF00633973 /* Infrastructure */,
				3C50244E2A153CB8006F8AFD /* LocalFeedLoader.swift */,
				3C5024502A153D57006F8AFD /* FeedStorePorotocol.swift */,
				3C5024542A154BAB006F8AFD /* LocalFeedImage.swift */,
				3C3821FE2A46183A0049AF29 /* FeedCachePolicy.swift */,
			);
			path = "Feed Cache";
			sourceTree = "<group>";
		};
		3C66A1A42A5B083200716098 /* EssentialFeediOS */ = {
			isa = PBXGroup;
			children = (
				3C8F43572A6FF615002B5372 /* Extensions */,
				3C7ECE7E2A6DB9CD00B56822 /* Feed Presentation */,
				3C7ECE792A6D828C00B56822 /* Models */,
				3C7ECE762A6D703600B56822 /* Composers */,
				3C7ECE6F2A6CAB6C00B56822 /* FeedImageDataLoader */,
				3C7ECE6E2A6CAA0700B56822 /* Controllers */,
				3C7ECE6D2A6CA9FC00B56822 /* Views */,
				3CD2CF572A6F50040031D77F /* Feed.xcassets */,
			);
			path = EssentialFeediOS;
			sourceTree = "<group>";
		};
		3C66A1AE2A5B083200716098 /* EssentialFeediOSTests */ = {
			isa = PBXGroup;
			children = (
				3C8F435E2A70AAFB002B5372 /* Feed Presentation */,
				3C7ECE662A6CA8C800B56822 /* Helpers */,
				3C66A1BA2A5B0F0200716098 /* FeedUIIntegrationTests.swift */,
			);
			path = EssentialFeediOSTests;
			sourceTree = "<group>";
		};
		3C66A1BC2A5B124500716098 /* Frameworks */ = {
			isa = PBXGroup;
			children = (
			);
			name = Frameworks;
			sourceTree = "<group>";
		};
		3C7258E72A4B17DE00633973 /* FeedStoreSpecs */ = {
			isa = PBXGroup;
			children = (
				3CAAE46C2A48FDBE000EEEC9 /* FeedStoreSpecs.swift */,
				3C7258E82A4B185E00633973 /* XCTestCase+FeedStoreSpecs.swift */,
				3C7258E02A4B15B800633973 /* XCTestCase+FailableRetrieveFeedStoreSpecs.swift */,
				3C7258E22A4B162100633973 /* XCTestCase+FailableInsertFeedStoreSpecs.swift */,
				3C7258E52A4B173800633973 /* XCTestCase+FailableDeleteFeedStoreSpecs.swift */,
			);
			path = FeedStoreSpecs;
			sourceTree = "<group>";
		};
		3C7258ED2A4B22AF00633973 /* Infrastructure */ = {
			isa = PBXGroup;
			children = (
				3C7258EE2A4B236800633973 /* Models */,
				3C67DBB62A4A2F6A00125CA6 /* CoreDataFeedStore.swift */,
				3C7258EA2A4B1A3800633973 /* FeedStore.xcdatamodeld */,
				3C7258F32A4B24F900633973 /* CoreDataHelpers.swift */,
			);
			path = Infrastructure;
			sourceTree = "<group>";
		};
		3C7258EE2A4B236800633973 /* Models */ = {
			isa = PBXGroup;
			children = (
				3C7258EF2A4B23A100633973 /* ManagedFeedImage.swift */,
				3C7258F12A4B23EE00633973 /* ManagedCache.swift */,
			);
			path = Models;
			sourceTree = "<group>";
		};
		3C7ECE662A6CA8C800B56822 /* Helpers */ = {
			isa = PBXGroup;
			children = (
				3CA0E2E12A91029000B5BFA8 /* FeedImageCell+TestHelpers.swift */,
				3CA0E2E32A9102BE00B5BFA8 /* FeedUIIntegrationTests+Assertions.swift */,
				3CA0E2E52A9102EE00B5BFA8 /* FeedUIIntegrationTests+LoaderSpy.swift */,
				3CA0E2DD2A9048FE00B5BFA8 /* FeedUIIntegrationTests+Localization.swift */,
				3C2F85472A89AA2C0075B1C9 /* FeedViewController+TestHelpers.swift */,
				3C7ECE6B2A6CA94500B56822 /* UIButton+TestHelpers.swift */,
				3C7ECE672A6CA8E300B56822 /* UIImage+TestHelpers.swift */,
				3C7ECE692A6CA91D00B56822 /* UIRefreshControl+TestHelpers.swift */,
				3CA0E2E72A9103AA00B5BFA8 /* UIControl+TestHelpers.swift */,
			);
			path = Helpers;
			sourceTree = "<group>";
		};
		3C7ECE6D2A6CA9FC00B56822 /* Views */ = {
			isa = PBXGroup;
			children = (
				3C2F854D2A89B0B30075B1C9 /* Helpers */,
				3C2F85492A89AE640075B1C9 /* ErrorView.swift */,
				3C66A1C52A5B212000716098 /* FeedImageCell.swift */,
				3CCCC3EB2A6C8E8E00EEB143 /* UIView+Shimmering.swift */,
				3CD2CF552A6F4F9E0031D77F /* Feed.storyboard */,
			);
			path = Views;
			sourceTree = "<group>";
		};
		3C7ECE6E2A6CAA0700B56822 /* Controllers */ = {
			isa = PBXGroup;
			children = (
				3C66A1C32A5B1DA600716098 /* FeedViewController.swift */,
				3C7ECE742A6D64F200B56822 /* FeedImageCellController.swift */,
			);
			path = Controllers;
			sourceTree = "<group>";
		};
		3C7ECE6F2A6CAB6C00B56822 /* FeedImageDataLoader */ = {
			isa = PBXGroup;
			children = (
				3C7ECE702A6CAB8300B56822 /* FeedImageDataLoaderTask.swift */,
			);
			path = FeedImageDataLoader;
			sourceTree = "<group>";
		};
		3C7ECE762A6D703600B56822 /* Composers */ = {
			isa = PBXGroup;
			children = (
				3C8F43672A70B4FE002B5372 /* FeedImageDataLoaderPresentationAdapter.swift */,
				3C8F43692A70B543002B5372 /* FeedLoaderPresentationAdapter.swift */,
				3C7ECE772A6D704000B56822 /* FeedUIComposer.swift */,
				3C8F43652A70B46A002B5372 /* FeedViewAdapter.swift */,
				3C8F43612A70B389002B5372 /* MainQueueDispatchDecorator.swift */,
				3C8F43632A70B401002B5372 /* WeakRefVirtualProxy.swift */,
			);
			path = Composers;
			sourceTree = "<group>";
		};
		3C7ECE792A6D828C00B56822 /* Models */ = {
			isa = PBXGroup;
			children = (
			);
			path = Models;
			sourceTree = "<group>";
		};
		3C7ECE7E2A6DB9CD00B56822 /* Feed Presentation */ = {
			isa = PBXGroup;
			children = (
			);
			path = "Feed Presentation";
			sourceTree = "<group>";
		};
		3C8F43572A6FF615002B5372 /* Extensions */ = {
			isa = PBXGroup;
			children = (
				3C8F43582A6FF62B002B5372 /* UITableView+Ext.swift */,
				3C8F435A2A6FF7AA002B5372 /* UlImageView+Ext.swift */,
			);
			path = Extensions;
			sourceTree = "<group>";
		};
		3C8F435E2A70AAFB002B5372 /* Feed Presentation */ = {
			isa = PBXGroup;
			children = (
				3C8F435F2A70AB19002B5372 /* FeedLocalizationTests.swift */,
			);
			path = "Feed Presentation";
			sourceTree = "<group>";
		};
		3CD1B14129D50FC6000DBDDC = {
			isa = PBXGroup;
			children = (
				3C66A1B92A5B0A0F00716098 /* CI_iOS.xctestplan */,
				3CE7F62D2A4B4BC300A8A593 /* CI_macOS.xctestplan */,
				3CD1B14D29D50FC6000DBDDC /* EssentialFeed */,
				3C13DB582A01CE6C0048D7B9 /* EssentialFeedAPIEndToEndTests */,
				3C66A19D2A5B065C00716098 /* EssentialFeedAPIEndToEndTests.xctestplan */,
				3CF13E472A4A2A8700506D50 /* EssentialFeedCacheIntegrationTests */,
				3C66A1A42A5B083200716098 /* EssentialFeediOS */,
				3C66A1B82A5B089100716098 /* EssentialFeediOS.xctestplan */,
				3C66A1AE2A5B083200716098 /* EssentialFeediOSTests */,
				3CD1B15A29D50FDA000DBDDC /* EssentialFeedTests */,
				3CD1B14C29D50FC6000DBDDC /* Products */,
				3C8AC23E2A0E939F007E035E /* README.md */,
				3C66A1BC2A5B124500716098 /* Frameworks */,
			);
			sourceTree = "<group>";
		};
		3CD1B14C29D50FC6000DBDDC /* Products */ = {
			isa = PBXGroup;
			children = (
				3CD1B14B29D50FC6000DBDDC /* EssentialFeed.framework */,
				3CD1B15929D50FDA000DBDDC /* EssentialFeedTests.xctest */,
				3C13DB572A01CE6C0048D7B9 /* EssentialFeedAPIEndToEndTests.xctest */,
				3CF13E462A4A2A8600506D50 /* EssentialFeedCacheIntegrationTests.xctest */,
				3C66A1A32A5B083100716098 /* EssentialFeediOS.framework */,
				3C66A1AA2A5B083200716098 /* EssentialFeediOSTests.xctest */,
			);
			name = Products;
			sourceTree = "<group>";
		};
		3CD1B14D29D50FC6000DBDDC /* EssentialFeed */ = {
			isa = PBXGroup;
			children = (
				3CD1B14E29D50FC6000DBDDC /* EssentialFeed.h */,
				3C50244D2A153795006F8AFD /* Feed Cache */,
				3CD1B16329D511A3000DBDDC /* Feed Feature */,
				3C2F85622A89B7810075B1C9 /* Feed Presentation */,
			);
			path = EssentialFeed;
			sourceTree = "<group>";
		};
		3CD1B15A29D50FDA000DBDDC /* EssentialFeedTests */ = {
			isa = PBXGroup;
			children = (
				3CD1B15B29D50FDA000DBDDC /* EssentialFeedTests.swift */,
				3C4903AA2A0035BD00EE1667 /* Feed API */,
				3C50244A2A150668006F8AFD /* Feed Cache */,
				3C2F85592A89B4330075B1C9 /* Feed Presentation */,
				3C4903AD2A00671E00EE1667 /* Helpers */,
			);
			path = EssentialFeedTests;
			sourceTree = "<group>";
		};
		3CD1B16329D511A3000DBDDC /* Feed Feature */ = {
			isa = PBXGroup;
			children = (
				3CF516B229DE195700D354DF /* Feed API */,
				3CD1B16429D511BB000DBDDC /* FeedImage.swift */,
				3CD1B16629D511C8000DBDDC /* FeedLoader.swift */,
				3CAAE46A2A48F481000EEEC9 /* CodableFeedStore.swift */,
			);
			path = "Feed Feature";
			sourceTree = "<group>";
		};
		3CF13E472A4A2A8700506D50 /* EssentialFeedCacheIntegrationTests */ = {
			isa = PBXGroup;
			children = (
				3CF13E482A4A2A8700506D50 /* EssentialFeedCacheIntegrationTests.swift */,
			);
			path = EssentialFeedCacheIntegrationTests;
			sourceTree = "<group>";
		};
		3CF516B229DE195700D354DF /* Feed API */ = {
			isa = PBXGroup;
			children = (
				3CF516B329DE197700D354DF /* RemoteFeedLoader.swift */,
				3C4903A62A002B7000EE1667 /* HTTPClient.swift */,
				3C4903A82A002C1200EE1667 /* FeedItemsMapper.swift */,
				3C13DB512A01C8BB0048D7B9 /* URLSessionHTTPClient.swift */,
				3C5024522A154B77006F8AFD /* RemoteFeedItem.swift */,
			);
			path = "Feed API";
			sourceTree = "<group>";
		};
/* End PBXGroup section */

/* Begin PBXHeadersBuildPhase section */
		3C66A19E2A5B083100716098 /* Headers */ = {
			isa = PBXHeadersBuildPhase;
			buildActionMask = 2147483647;
			files = (
			);
			runOnlyForDeploymentPostprocessing = 0;
		};
		3CD1B14629D50FC6000DBDDC /* Headers */ = {
			isa = PBXHeadersBuildPhase;
			buildActionMask = 2147483647;
			files = (
				3CD1B14F29D50FC6000DBDDC /* EssentialFeed.h in Headers */,
			);
			runOnlyForDeploymentPostprocessing = 0;
		};
/* End PBXHeadersBuildPhase section */

/* Begin PBXNativeTarget section */
		3C13DB562A01CE6C0048D7B9 /* EssentialFeedAPIEndToEndTests */ = {
			isa = PBXNativeTarget;
			buildConfigurationList = 3C13DB5E2A01CE6C0048D7B9 /* Build configuration list for PBXNativeTarget "EssentialFeedAPIEndToEndTests" */;
			buildPhases = (
				3C13DB532A01CE6C0048D7B9 /* Sources */,
				3C13DB542A01CE6C0048D7B9 /* Frameworks */,
				3C13DB552A01CE6C0048D7B9 /* Resources */,
			);
			buildRules = (
			);
			dependencies = (
				3C13DB5D2A01CE6C0048D7B9 /* PBXTargetDependency */,
			);
			name = EssentialFeedAPIEndToEndTests;
			productName = EssentialFeedEndToEndTests;
			productReference = 3C13DB572A01CE6C0048D7B9 /* EssentialFeedAPIEndToEndTests.xctest */;
			productType = "com.apple.product-type.bundle.unit-test";
		};
		3C66A1A22A5B083100716098 /* EssentialFeediOS */ = {
			isa = PBXNativeTarget;
			buildConfigurationList = 3C66A1B22A5B083200716098 /* Build configuration list for PBXNativeTarget "EssentialFeediOS" */;
			buildPhases = (
				3C66A19E2A5B083100716098 /* Headers */,
				3C66A19F2A5B083100716098 /* Sources */,
				3C66A1A02A5B083100716098 /* Frameworks */,
				3C66A1A12A5B083100716098 /* Resources */,
				3C66A1C12A5B124500716098 /* Embed Frameworks */,
			);
			buildRules = (
			);
			dependencies = (
				3C66A1C02A5B124500716098 /* PBXTargetDependency */,
			);
			name = EssentialFeediOS;
			productName = EssentialFeediOS;
			productReference = 3C66A1A32A5B083100716098 /* EssentialFeediOS.framework */;
			productType = "com.apple.product-type.framework";
		};
		3C66A1A92A5B083200716098 /* EssentialFeediOSTests */ = {
			isa = PBXNativeTarget;
			buildConfigurationList = 3C66A1B52A5B083200716098 /* Build configuration list for PBXNativeTarget "EssentialFeediOSTests" */;
			buildPhases = (
				3C66A1A62A5B083200716098 /* Sources */,
				3C66A1A72A5B083200716098 /* Frameworks */,
				3C66A1A82A5B083200716098 /* Resources */,
			);
			buildRules = (
			);
			dependencies = (
				3C66A1AD2A5B083200716098 /* PBXTargetDependency */,
			);
			name = EssentialFeediOSTests;
			productName = EssentialFeediOSTests;
			productReference = 3C66A1AA2A5B083200716098 /* EssentialFeediOSTests.xctest */;
			productType = "com.apple.product-type.bundle.unit-test";
		};
		3CD1B14A29D50FC6000DBDDC /* EssentialFeed */ = {
			isa = PBXNativeTarget;
			buildConfigurationList = 3CD1B15229D50FC6000DBDDC /* Build configuration list for PBXNativeTarget "EssentialFeed" */;
			buildPhases = (
				3CD1B14629D50FC6000DBDDC /* Headers */,
				3CD1B14729D50FC6000DBDDC /* Sources */,
				3CD1B14829D50FC6000DBDDC /* Frameworks */,
				3CD1B14929D50FC6000DBDDC /* Resources */,
			);
			buildRules = (
			);
			dependencies = (
			);
			name = EssentialFeed;
			productName = EssentialFeed;
			productReference = 3CD1B14B29D50FC6000DBDDC /* EssentialFeed.framework */;
			productType = "com.apple.product-type.framework";
		};
		3CD1B15829D50FDA000DBDDC /* EssentialFeedTests */ = {
			isa = PBXNativeTarget;
			buildConfigurationList = 3CD1B16029D50FDA000DBDDC /* Build configuration list for PBXNativeTarget "EssentialFeedTests" */;
			buildPhases = (
				3CD1B15529D50FDA000DBDDC /* Sources */,
				3CD1B15629D50FDA000DBDDC /* Frameworks */,
				3CD1B15729D50FDA000DBDDC /* Resources */,
			);
			buildRules = (
			);
			dependencies = (
				3CD1B15F29D50FDA000DBDDC /* PBXTargetDependency */,
			);
			name = EssentialFeedTests;
			productName = EssentialFeedTests;
			productReference = 3CD1B15929D50FDA000DBDDC /* EssentialFeedTests.xctest */;
			productType = "com.apple.product-type.bundle.unit-test";
		};
		3CF13E452A4A2A8600506D50 /* EssentialFeedCacheIntegrationTests */ = {
			isa = PBXNativeTarget;
			buildConfigurationList = 3CF13E4F2A4A2A8700506D50 /* Build configuration list for PBXNativeTarget "EssentialFeedCacheIntegrationTests" */;
			buildPhases = (
				3CF13E422A4A2A8600506D50 /* Sources */,
				3CF13E432A4A2A8600506D50 /* Frameworks */,
				3CF13E442A4A2A8600506D50 /* Resources */,
			);
			buildRules = (
			);
			dependencies = (
				3CF13E4C2A4A2A8700506D50 /* PBXTargetDependency */,
			);
			name = EssentialFeedCacheIntegrationTests;
			productName = EssentialFeedCacheIntegrationTests;
			productReference = 3CF13E462A4A2A8600506D50 /* EssentialFeedCacheIntegrationTests.xctest */;
			productType = "com.apple.product-type.bundle.unit-test";
		};
/* End PBXNativeTarget section */

/* Begin PBXProject section */
		3CD1B14229D50FC6000DBDDC /* Project object */ = {
			isa = PBXProject;
			attributes = {
				BuildIndependentTargetsInParallel = 1;
				LastSwiftUpdateCheck = 1500;
				LastUpgradeCheck = 1500;
				TargetAttributes = {
					3C13DB562A01CE6C0048D7B9 = {
						CreatedOnToolsVersion = 14.3;
					};
					3C66A1A22A5B083100716098 = {
						CreatedOnToolsVersion = 15.0;
						LastSwiftMigration = 1500;
					};
					3C66A1A92A5B083200716098 = {
						CreatedOnToolsVersion = 15.0;
						LastSwiftMigration = 1500;
					};
					3CD1B14A29D50FC6000DBDDC = {
						CreatedOnToolsVersion = 14.2;
						LastSwiftMigration = 1420;
					};
					3CD1B15829D50FDA000DBDDC = {
						CreatedOnToolsVersion = 14.2;
					};
					3CF13E452A4A2A8600506D50 = {
						CreatedOnToolsVersion = 15.0;
					};
				};
			};
			buildConfigurationList = 3CD1B14529D50FC6000DBDDC /* Build configuration list for PBXProject "EssentialFeed" */;
			compatibilityVersion = "Xcode 14.0";
			developmentRegion = en;
			hasScannedForEncodings = 0;
			knownRegions = (
				en,
				Base,
				"pt-BR",
			);
			mainGroup = 3CD1B14129D50FC6000DBDDC;
			productRefGroup = 3CD1B14C29D50FC6000DBDDC /* Products */;
			projectDirPath = "";
			projectRoot = "";
			targets = (
				3CD1B14A29D50FC6000DBDDC /* EssentialFeed */,
				3CD1B15829D50FDA000DBDDC /* EssentialFeedTests */,
				3C13DB562A01CE6C0048D7B9 /* EssentialFeedAPIEndToEndTests */,
				3CF13E452A4A2A8600506D50 /* EssentialFeedCacheIntegrationTests */,
				3C66A1A22A5B083100716098 /* EssentialFeediOS */,
				3C66A1A92A5B083200716098 /* EssentialFeediOSTests */,
			);
		};
/* End PBXProject section */

/* Begin PBXResourcesBuildPhase section */
		3C13DB552A01CE6C0048D7B9 /* Resources */ = {
			isa = PBXResourcesBuildPhase;
			buildActionMask = 2147483647;
			files = (
			);
			runOnlyForDeploymentPostprocessing = 0;
		};
		3C66A1A12A5B083100716098 /* Resources */ = {
			isa = PBXResourcesBuildPhase;
			buildActionMask = 2147483647;
			files = (
				3CD2CF582A6F50040031D77F /* Feed.xcassets in Resources */,
				3CD2CF562A6F4F9E0031D77F /* Feed.storyboard in Resources */,
			);
			runOnlyForDeploymentPostprocessing = 0;
		};
		3C66A1A82A5B083200716098 /* Resources */ = {
			isa = PBXResourcesBuildPhase;
			buildActionMask = 2147483647;
			files = (
			);
			runOnlyForDeploymentPostprocessing = 0;
		};
		3CD1B14929D50FC6000DBDDC /* Resources */ = {
			isa = PBXResourcesBuildPhase;
			buildActionMask = 2147483647;
			files = (
				3C2F85652A89B7D10075B1C9 /* Feed.strings in Resources */,
				3C8AC23F2A0E939F007E035E /* README.md in Resources */,
			);
			runOnlyForDeploymentPostprocessing = 0;
		};
		3CD1B15729D50FDA000DBDDC /* Resources */ = {
			isa = PBXResourcesBuildPhase;
			buildActionMask = 2147483647;
			files = (
			);
			runOnlyForDeploymentPostprocessing = 0;
		};
		3CF13E442A4A2A8600506D50 /* Resources */ = {
			isa = PBXResourcesBuildPhase;
			buildActionMask = 2147483647;
			files = (
			);
			runOnlyForDeploymentPostprocessing = 0;
		};
/* End PBXResourcesBuildPhase section */

/* Begin PBXSourcesBuildPhase section */
		3C13DB532A01CE6C0048D7B9 /* Sources */ = {
			isa = PBXSourcesBuildPhase;
			buildActionMask = 2147483647;
			files = (
				3C13DB5A2A01CE6C0048D7B9 /* EssentialFeedEndToEndTests.swift in Sources */,
				3C13DB612A01D1540048D7B9 /* XCTestCase+MemoryLeakTrackings.swift in Sources */,
			);
			runOnlyForDeploymentPostprocessing = 0;
		};
		3C66A19F2A5B083100716098 /* Sources */ = {
			isa = PBXSourcesBuildPhase;
			buildActionMask = 2147483647;
			files = (
				3C8F43662A70B46A002B5372 /* FeedViewAdapter.swift in Sources */,
				3C2F854A2A89AE640075B1C9 /* ErrorView.swift in Sources */,
				3CCCC3EC2A6C8E8E00EEB143 /* UIView+Shimmering.swift in Sources */,
				3C7ECE712A6CAB8300B56822 /* FeedImageDataLoaderTask.swift in Sources */,
				3C8F435B2A6FF7AA002B5372 /* UlImageView+Ext.swift in Sources */,
				3C66A1C42A5B1DA600716098 /* FeedViewController.swift in Sources */,
				3C8F43642A70B401002B5372 /* WeakRefVirtualProxy.swift in Sources */,
				3C8F43622A70B389002B5372 /* MainQueueDispatchDecorator.swift in Sources */,
				3C66A1C62A5B212000716098 /* FeedImageCell.swift in Sources */,
				3C8F436A2A70B543002B5372 /* FeedLoaderPresentationAdapter.swift in Sources */,
				3C8F43682A70B4FE002B5372 /* FeedImageDataLoaderPresentationAdapter.swift in Sources */,
				3C8F43592A6FF62B002B5372 /* UITableView+Ext.swift in Sources */,
				3C7ECE752A6D64F200B56822 /* FeedImageCellController.swift in Sources */,
				3C2F85582A89B1B00075B1C9 /* UIRefreshControl+Helpers.swift in Sources */,
				3C7ECE782A6D704000B56822 /* FeedUIComposer.swift in Sources */,
			);
			runOnlyForDeploymentPostprocessing = 0;
		};
		3C66A1A62A5B083200716098 /* Sources */ = {
			isa = PBXSourcesBuildPhase;
			buildActionMask = 2147483647;
			files = (
				3C66A1BB2A5B0F0200716098 /* FeedUIIntegrationTests.swift in Sources */,
				3C7ECE6C2A6CA94500B56822 /* UIButton+TestHelpers.swift in Sources */,
				3C2F85482A89AA2C0075B1C9 /* FeedViewController+TestHelpers.swift in Sources */,
				3CA0E2E82A9103AA00B5BFA8 /* UIControl+TestHelpers.swift in Sources */,
				3CA0E2DE2A9048FE00B5BFA8 /* FeedUIIntegrationTests+Localization.swift in Sources */,
				3CA0E2E22A91029000B5BFA8 /* FeedImageCell+TestHelpers.swift in Sources */,
				3C8F43602A70AB19002B5372 /* FeedLocalizationTests.swift in Sources */,
				3C7ECE6A2A6CA91D00B56822 /* UIRefreshControl+TestHelpers.swift in Sources */,
				3C66A1C22A5B137B00716098 /* XCTestCase+MemoryLeakTrackings.swift in Sources */,
				3CA0E2E62A9102EE00B5BFA8 /* FeedUIIntegrationTests+LoaderSpy.swift in Sources */,
				3C7ECE682A6CA8E300B56822 /* UIImage+TestHelpers.swift in Sources */,
				3CA0E2E42A9102BE00B5BFA8 /* FeedUIIntegrationTests+Assertions.swift in Sources */,
			);
			runOnlyForDeploymentPostprocessing = 0;
		};
		3CD1B14729D50FC6000DBDDC /* Sources */ = {
			isa = PBXSourcesBuildPhase;
			buildActionMask = 2147483647;
			files = (
				3C2F85672A89B8D40075B1C9 /* FeedViewModel.swift in Sources */,
				3C7258F02A4B23A100633973 /* ManagedFeedImage.swift in Sources */,
				3C4903A92A002C1200EE1667 /* FeedItemsMapper.swift in Sources */,
				3C2F856B2A89B99D0075B1C9 /* FeedErrorViewModel.swift in Sources */,
				3CD1B16729D511C8000DBDDC /* FeedLoader.swift in Sources */,
				3CF516B429DE197700D354DF /* RemoteFeedLoader.swift in Sources */,
				3CA0E2DF2A90FCDD00B5BFA8 /* FeedImagePresenter.swift in Sources */,
				3C2F85642A89B7BE0075B1C9 /* FeedPresenter.swift in Sources */,
				3C3821FF2A46183A0049AF29 /* FeedCachePolicy.swift in Sources */,
				3C2F85692A89B9550075B1C9 /* FeedLoadingViewModel.swift in Sources */,
				3C5024532A154B77006F8AFD /* RemoteFeedItem.swift in Sources */,
				3C7258EC2A4B1A3800633973 /* FeedStore.xcdatamodeld in Sources */,
				3C7258F42A4B24F900633973 /* CoreDataHelpers.swift in Sources */,
				3C5024552A154BAB006F8AFD /* LocalFeedImage.swift in Sources */,
				3C50244F2A153CB8006F8AFD /* LocalFeedLoader.swift in Sources */,
				3C4903A72A002B7000EE1667 /* HTTPClient.swift in Sources */,
				3CAAE46B2A48F481000EEEC9 /* CodableFeedStore.swift in Sources */,
				3C5024512A153D57006F8AFD /* FeedStorePorotocol.swift in Sources */,
				3CD1B16529D511BB000DBDDC /* FeedImage.swift in Sources */,
				3CA0E2E02A90FDAB00B5BFA8 /* FeedImageViewModel.swift in Sources */,
				3C13DB522A01C8BB0048D7B9 /* URLSessionHTTPClient.swift in Sources */,
				3C7258F22A4B23EE00633973 /* ManagedCache.swift in Sources */,
				3C67DBB72A4A2F6A00125CA6 /* CoreDataFeedStore.swift in Sources */,
			);
			runOnlyForDeploymentPostprocessing = 0;
		};
		3CD1B15529D50FDA000DBDDC /* Sources */ = {
			isa = PBXSourcesBuildPhase;
			buildActionMask = 2147483647;
			files = (
				3C3822012A4773A40049AF29 /* CodableFeedStoreTests.swift in Sources */,
				3C67DBB52A4A2F1200125CA6 /* CoreDataFeedStoreTests.swift in Sources */,
				3CD1B16929D51290000DBDDC /* LoadFeedFromRemoteUseCaseTests.swift in Sources */,
				3CA0E2DC2A90479500B5BFA8 /* FeedImagePresenterTests.swift in Sources */,
				3C7258E12A4B15B800633973 /* XCTestCase+FailableRetrieveFeedStoreSpecs.swift in Sources */,
				3C4903AF2A00673900EE1667 /* XCTestCase+MemoryLeakTrackings.swift in Sources */,
				3C50244C2A1506A5006F8AFD /* CachefeedUseCaseTests.swift in Sources */,
				3C4903AC2A0043F200EE1667 /* URLSessionHTTPClientTests.swift in Sources */,
				3C3821FA2A4525D90049AF29 /* ValidateFeedCacheUseCaseTests.swift in Sources */,
				3C5024592A1553C4006F8AFD /* FeedStoreSpy.swift in Sources */,
				3CAF4A182A49DA720003FB35 /* URLProtocolStub.swift in Sources */,
				3C5024572A1552D6006F8AFD /* LoadFeedFromCacheUseCaseTests.swift in Sources */,
				3CD1B15C29D50FDA000DBDDC /* EssentialFeedTests.swift in Sources */,
				3C7258E62A4B173800633973 /* XCTestCase+FailableDeleteFeedStoreSpecs.swift in Sources */,
				3C7258E92A4B185E00633973 /* XCTestCase+FeedStoreSpecs.swift in Sources */,
				3CAAE46D2A48FDBE000EEEC9 /* FeedStoreSpecs.swift in Sources */,
				3C3821FD2A452C090049AF29 /* FeedCacheHelpers.swift in Sources */,
				3C2F855B2A89B44D0075B1C9 /* FeedPresenterTests.swift in Sources */,
				3C7258E32A4B162100633973 /* XCTestCase+FailableInsertFeedStoreSpecs.swift in Sources */,
			);
			runOnlyForDeploymentPostprocessing = 0;
		};
		3CF13E422A4A2A8600506D50 /* Sources */ = {
			isa = PBXSourcesBuildPhase;
			buildActionMask = 2147483647;
			files = (
				3CF13E492A4A2A8700506D50 /* EssentialFeedCacheIntegrationTests.swift in Sources */,
				3CF13E502A4A2D0100506D50 /* XCTestCase+MemoryLeakTrackings.swift in Sources */,
				3CE7F62C2A4B488800A8A593 /* FeedStoreSpy.swift in Sources */,
				3CE7F62B2A4B485600A8A593 /* FeedCacheHelpers.swift in Sources */,
			);
			runOnlyForDeploymentPostprocessing = 0;
		};
/* End PBXSourcesBuildPhase section */

/* Begin PBXTargetDependency section */
		3C13DB5D2A01CE6C0048D7B9 /* PBXTargetDependency */ = {
			isa = PBXTargetDependency;
			target = 3CD1B14A29D50FC6000DBDDC /* EssentialFeed */;
			targetProxy = 3C13DB5C2A01CE6C0048D7B9 /* PBXContainerItemProxy */;
		};
		3C66A1AD2A5B083200716098 /* PBXTargetDependency */ = {
			isa = PBXTargetDependency;
			target = 3C66A1A22A5B083100716098 /* EssentialFeediOS */;
			targetProxy = 3C66A1AC2A5B083200716098 /* PBXContainerItemProxy */;
		};
		3C66A1C02A5B124500716098 /* PBXTargetDependency */ = {
			isa = PBXTargetDependency;
			target = 3CD1B14A29D50FC6000DBDDC /* EssentialFeed */;
			targetProxy = 3C66A1BF2A5B124500716098 /* PBXContainerItemProxy */;
		};
		3CD1B15F29D50FDA000DBDDC /* PBXTargetDependency */ = {
			isa = PBXTargetDependency;
			target = 3CD1B14A29D50FC6000DBDDC /* EssentialFeed */;
			targetProxy = 3CD1B15E29D50FDA000DBDDC /* PBXContainerItemProxy */;
		};
		3CF13E4C2A4A2A8700506D50 /* PBXTargetDependency */ = {
			isa = PBXTargetDependency;
			target = 3CD1B14A29D50FC6000DBDDC /* EssentialFeed */;
			targetProxy = 3CF13E4B2A4A2A8700506D50 /* PBXContainerItemProxy */;
		};
/* End PBXTargetDependency section */

/* Begin PBXVariantGroup section */
		3C2F85602A89B69B0075B1C9 /* Feed.strings */ = {
			isa = PBXVariantGroup;
			children = (
				3C2F855F2A89B69B0075B1C9 /* en */,
				3C2F85612A89B6AC0075B1C9 /* pt-BR */,
			);
			name = Feed.strings;
			sourceTree = "<group>";
		};
/* End PBXVariantGroup section */

/* Begin XCBuildConfiguration section */
		3C13DB5F2A01CE6C0048D7B9 /* Debug */ = {
			isa = XCBuildConfiguration;
			buildSettings = {
				CODE_SIGN_STYLE = Automatic;
				CURRENT_PROJECT_VERSION = 1;
				DEVELOPMENT_TEAM = 63VB6DW728;
				GENERATE_INFOPLIST_FILE = YES;
				MACOSX_DEPLOYMENT_TARGET = 13.2;
				MARKETING_VERSION = 1.0;
				PRODUCT_BUNDLE_IDENTIFIER = lynneker.souza.EssentialFeedEndToEndTests;
				PRODUCT_NAME = "$(TARGET_NAME)";
				SUPPORTED_PLATFORMS = "macosx iphonesimulator iphoneos";
				SWIFT_EMIT_LOC_STRINGS = NO;
				SWIFT_VERSION = 5.0;
			};
			name = Debug;
		};
		3C13DB602A01CE6C0048D7B9 /* Release */ = {
			isa = XCBuildConfiguration;
			buildSettings = {
				CODE_SIGN_STYLE = Automatic;
				CURRENT_PROJECT_VERSION = 1;
				DEVELOPMENT_TEAM = 63VB6DW728;
				GENERATE_INFOPLIST_FILE = YES;
				MACOSX_DEPLOYMENT_TARGET = 13.2;
				MARKETING_VERSION = 1.0;
				PRODUCT_BUNDLE_IDENTIFIER = lynneker.souza.EssentialFeedEndToEndTests;
				PRODUCT_NAME = "$(TARGET_NAME)";
				SUPPORTED_PLATFORMS = "macosx iphonesimulator iphoneos";
				SWIFT_EMIT_LOC_STRINGS = NO;
				SWIFT_VERSION = 5.0;
			};
			name = Release;
		};
		3C66A1B32A5B083200716098 /* Debug */ = {
			isa = XCBuildConfiguration;
			buildSettings = {
				ASSETCATALOG_COMPILER_GENERATE_SWIFT_ASSET_SYMBOL_EXTENSIONS = YES;
				CLANG_ENABLE_MODULES = YES;
				CODE_SIGN_STYLE = Automatic;
				COMBINE_HIDPI_IMAGES = YES;
				CURRENT_PROJECT_VERSION = 1;
				DEFINES_MODULE = YES;
				DEVELOPMENT_TEAM = 63VB6DW728;
				DYLIB_COMPATIBILITY_VERSION = 1;
				DYLIB_CURRENT_VERSION = 1;
				DYLIB_INSTALL_NAME_BASE = "@rpath";
				ENABLE_MODULE_VERIFIER = YES;
				GCC_C_LANGUAGE_STANDARD = gnu17;
				GENERATE_INFOPLIST_FILE = YES;
				INFOPLIST_KEY_NSHumanReadableCopyright = "";
				INSTALL_PATH = "$(LOCAL_LIBRARY_DIR)/Frameworks";
				LD_RUNPATH_SEARCH_PATHS = (
					"$(inherited)",
					"@executable_path/../Frameworks",
					"@loader_path/Frameworks",
				);
				LOCALIZATION_PREFERS_STRING_CATALOGS = YES;
				MACOSX_DEPLOYMENT_TARGET = 14.0;
				MARKETING_VERSION = 1.0;
				MODULE_VERIFIER_SUPPORTED_LANGUAGES = "objective-c objective-c++";
				MODULE_VERIFIER_SUPPORTED_LANGUAGE_STANDARDS = "gnu17 gnu++20";
				PRODUCT_BUNDLE_IDENTIFIER = lynneker.souza.EssentialFeediOS;
				PRODUCT_NAME = "$(TARGET_NAME:c99extidentifier)";
				SKIP_INSTALL = YES;
				SUPPORTED_PLATFORMS = "iphonesimulator iphoneos";
				SWIFT_ACTIVE_COMPILATION_CONDITIONS = "DEBUG $(inherited)";
				SWIFT_EMIT_LOC_STRINGS = YES;
				SWIFT_OPTIMIZATION_LEVEL = "-Onone";
				SWIFT_VERSION = 5.0;
			};
			name = Debug;
		};
		3C66A1B42A5B083200716098 /* Release */ = {
			isa = XCBuildConfiguration;
			buildSettings = {
				ASSETCATALOG_COMPILER_GENERATE_SWIFT_ASSET_SYMBOL_EXTENSIONS = YES;
				CLANG_ENABLE_MODULES = YES;
				CODE_SIGN_STYLE = Automatic;
				COMBINE_HIDPI_IMAGES = YES;
				CURRENT_PROJECT_VERSION = 1;
				DEFINES_MODULE = YES;
				DEVELOPMENT_TEAM = 63VB6DW728;
				DYLIB_COMPATIBILITY_VERSION = 1;
				DYLIB_CURRENT_VERSION = 1;
				DYLIB_INSTALL_NAME_BASE = "@rpath";
				ENABLE_MODULE_VERIFIER = YES;
				GCC_C_LANGUAGE_STANDARD = gnu17;
				GENERATE_INFOPLIST_FILE = YES;
				INFOPLIST_KEY_NSHumanReadableCopyright = "";
				INSTALL_PATH = "$(LOCAL_LIBRARY_DIR)/Frameworks";
				LD_RUNPATH_SEARCH_PATHS = (
					"$(inherited)",
					"@executable_path/../Frameworks",
					"@loader_path/Frameworks",
				);
				LOCALIZATION_PREFERS_STRING_CATALOGS = YES;
				MACOSX_DEPLOYMENT_TARGET = 14.0;
				MARKETING_VERSION = 1.0;
				MODULE_VERIFIER_SUPPORTED_LANGUAGES = "objective-c objective-c++";
				MODULE_VERIFIER_SUPPORTED_LANGUAGE_STANDARDS = "gnu17 gnu++20";
				PRODUCT_BUNDLE_IDENTIFIER = lynneker.souza.EssentialFeediOS;
				PRODUCT_NAME = "$(TARGET_NAME:c99extidentifier)";
				SKIP_INSTALL = YES;
				SUPPORTED_PLATFORMS = "iphonesimulator iphoneos";
				SWIFT_EMIT_LOC_STRINGS = YES;
				SWIFT_VERSION = 5.0;
			};
			name = Release;
		};
		3C66A1B62A5B083200716098 /* Debug */ = {
			isa = XCBuildConfiguration;
			buildSettings = {
				ALWAYS_EMBED_SWIFT_STANDARD_LIBRARIES = YES;
				ASSETCATALOG_COMPILER_GENERATE_SWIFT_ASSET_SYMBOL_EXTENSIONS = YES;
				CLANG_ENABLE_MODULES = YES;
				CODE_SIGN_STYLE = Automatic;
				CURRENT_PROJECT_VERSION = 1;
				DEVELOPMENT_TEAM = 63VB6DW728;
				GCC_C_LANGUAGE_STANDARD = gnu17;
				GENERATE_INFOPLIST_FILE = YES;
				LOCALIZATION_PREFERS_STRING_CATALOGS = YES;
				MACOSX_DEPLOYMENT_TARGET = 14.0;
				MARKETING_VERSION = 1.0;
				PRODUCT_BUNDLE_IDENTIFIER = lynneker.souza.EssentialFeediOSTests;
				PRODUCT_NAME = "$(TARGET_NAME)";
				SUPPORTED_PLATFORMS = "iphonesimulator iphoneos";
				SWIFT_ACTIVE_COMPILATION_CONDITIONS = "DEBUG $(inherited)";
				SWIFT_EMIT_LOC_STRINGS = NO;
				SWIFT_OPTIMIZATION_LEVEL = "-Onone";
				SWIFT_VERSION = 5.0;
			};
			name = Debug;
		};
		3C66A1B72A5B083200716098 /* Release */ = {
			isa = XCBuildConfiguration;
			buildSettings = {
				ALWAYS_EMBED_SWIFT_STANDARD_LIBRARIES = YES;
				ASSETCATALOG_COMPILER_GENERATE_SWIFT_ASSET_SYMBOL_EXTENSIONS = YES;
				CLANG_ENABLE_MODULES = YES;
				CODE_SIGN_STYLE = Automatic;
				CURRENT_PROJECT_VERSION = 1;
				DEVELOPMENT_TEAM = 63VB6DW728;
				GCC_C_LANGUAGE_STANDARD = gnu17;
				GENERATE_INFOPLIST_FILE = YES;
				LOCALIZATION_PREFERS_STRING_CATALOGS = YES;
				MACOSX_DEPLOYMENT_TARGET = 14.0;
				MARKETING_VERSION = 1.0;
				PRODUCT_BUNDLE_IDENTIFIER = lynneker.souza.EssentialFeediOSTests;
				PRODUCT_NAME = "$(TARGET_NAME)";
				SUPPORTED_PLATFORMS = "iphonesimulator iphoneos";
				SWIFT_EMIT_LOC_STRINGS = NO;
				SWIFT_VERSION = 5.0;
			};
			name = Release;
		};
		3CD1B15029D50FC6000DBDDC /* Debug */ = {
			isa = XCBuildConfiguration;
			buildSettings = {
				ALWAYS_SEARCH_USER_PATHS = NO;
				CLANG_ANALYZER_NONNULL = YES;
				CLANG_ANALYZER_NUMBER_OBJECT_CONVERSION = YES_AGGRESSIVE;
				CLANG_CXX_LANGUAGE_STANDARD = "gnu++20";
				CLANG_ENABLE_MODULES = YES;
				CLANG_ENABLE_OBJC_ARC = YES;
				CLANG_ENABLE_OBJC_WEAK = YES;
				CLANG_WARN_BLOCK_CAPTURE_AUTORELEASING = YES;
				CLANG_WARN_BOOL_CONVERSION = YES;
				CLANG_WARN_COMMA = YES;
				CLANG_WARN_CONSTANT_CONVERSION = YES;
				CLANG_WARN_DEPRECATED_OBJC_IMPLEMENTATIONS = YES;
				CLANG_WARN_DIRECT_OBJC_ISA_USAGE = YES_ERROR;
				CLANG_WARN_DOCUMENTATION_COMMENTS = YES;
				CLANG_WARN_EMPTY_BODY = YES;
				CLANG_WARN_ENUM_CONVERSION = YES;
				CLANG_WARN_INFINITE_RECURSION = YES;
				CLANG_WARN_INT_CONVERSION = YES;
				CLANG_WARN_NON_LITERAL_NULL_CONVERSION = YES;
				CLANG_WARN_OBJC_IMPLICIT_RETAIN_SELF = YES;
				CLANG_WARN_OBJC_LITERAL_CONVERSION = YES;
				CLANG_WARN_OBJC_ROOT_CLASS = YES_ERROR;
				CLANG_WARN_QUOTED_INCLUDE_IN_FRAMEWORK_HEADER = YES;
				CLANG_WARN_RANGE_LOOP_ANALYSIS = YES;
				CLANG_WARN_STRICT_PROTOTYPES = YES;
				CLANG_WARN_SUSPICIOUS_MOVE = YES;
				CLANG_WARN_UNGUARDED_AVAILABILITY = YES_AGGRESSIVE;
				CLANG_WARN_UNREACHABLE_CODE = YES;
				CLANG_WARN__DUPLICATE_METHOD_MATCH = YES;
				COPY_PHASE_STRIP = NO;
				CURRENT_PROJECT_VERSION = 1;
				DEAD_CODE_STRIPPING = YES;
				DEBUG_INFORMATION_FORMAT = dwarf;
				ENABLE_STRICT_OBJC_MSGSEND = YES;
				ENABLE_TESTABILITY = YES;
				ENABLE_USER_SCRIPT_SANDBOXING = YES;
				GCC_C_LANGUAGE_STANDARD = gnu11;
				GCC_DYNAMIC_NO_PIC = NO;
				GCC_NO_COMMON_BLOCKS = YES;
				GCC_OPTIMIZATION_LEVEL = 0;
				GCC_PREPROCESSOR_DEFINITIONS = (
					"DEBUG=1",
					"$(inherited)",
				);
				GCC_WARN_64_TO_32_BIT_CONVERSION = YES;
				GCC_WARN_ABOUT_RETURN_TYPE = YES_ERROR;
				GCC_WARN_UNDECLARED_SELECTOR = YES;
				GCC_WARN_UNINITIALIZED_AUTOS = YES_AGGRESSIVE;
				GCC_WARN_UNUSED_FUNCTION = YES;
				GCC_WARN_UNUSED_VARIABLE = YES;
				MACOSX_DEPLOYMENT_TARGET = 13.1;
				MTL_ENABLE_DEBUG_INFO = INCLUDE_SOURCE;
				MTL_FAST_MATH = YES;
				ONLY_ACTIVE_ARCH = YES;
				SDKROOT = macosx;
				SWIFT_ACTIVE_COMPILATION_CONDITIONS = DEBUG;
				SWIFT_OPTIMIZATION_LEVEL = "-Onone";
				VERSIONING_SYSTEM = "apple-generic";
				VERSION_INFO_PREFIX = "";
			};
			name = Debug;
		};
		3CD1B15129D50FC6000DBDDC /* Release */ = {
			isa = XCBuildConfiguration;
			buildSettings = {
				ALWAYS_SEARCH_USER_PATHS = NO;
				CLANG_ANALYZER_NONNULL = YES;
				CLANG_ANALYZER_NUMBER_OBJECT_CONVERSION = YES_AGGRESSIVE;
				CLANG_CXX_LANGUAGE_STANDARD = "gnu++20";
				CLANG_ENABLE_MODULES = YES;
				CLANG_ENABLE_OBJC_ARC = YES;
				CLANG_ENABLE_OBJC_WEAK = YES;
				CLANG_WARN_BLOCK_CAPTURE_AUTORELEASING = YES;
				CLANG_WARN_BOOL_CONVERSION = YES;
				CLANG_WARN_COMMA = YES;
				CLANG_WARN_CONSTANT_CONVERSION = YES;
				CLANG_WARN_DEPRECATED_OBJC_IMPLEMENTATIONS = YES;
				CLANG_WARN_DIRECT_OBJC_ISA_USAGE = YES_ERROR;
				CLANG_WARN_DOCUMENTATION_COMMENTS = YES;
				CLANG_WARN_EMPTY_BODY = YES;
				CLANG_WARN_ENUM_CONVERSION = YES;
				CLANG_WARN_INFINITE_RECURSION = YES;
				CLANG_WARN_INT_CONVERSION = YES;
				CLANG_WARN_NON_LITERAL_NULL_CONVERSION = YES;
				CLANG_WARN_OBJC_IMPLICIT_RETAIN_SELF = YES;
				CLANG_WARN_OBJC_LITERAL_CONVERSION = YES;
				CLANG_WARN_OBJC_ROOT_CLASS = YES_ERROR;
				CLANG_WARN_QUOTED_INCLUDE_IN_FRAMEWORK_HEADER = YES;
				CLANG_WARN_RANGE_LOOP_ANALYSIS = YES;
				CLANG_WARN_STRICT_PROTOTYPES = YES;
				CLANG_WARN_SUSPICIOUS_MOVE = YES;
				CLANG_WARN_UNGUARDED_AVAILABILITY = YES_AGGRESSIVE;
				CLANG_WARN_UNREACHABLE_CODE = YES;
				CLANG_WARN__DUPLICATE_METHOD_MATCH = YES;
				COPY_PHASE_STRIP = NO;
				CURRENT_PROJECT_VERSION = 1;
				DEAD_CODE_STRIPPING = YES;
				DEBUG_INFORMATION_FORMAT = "dwarf-with-dsym";
				ENABLE_NS_ASSERTIONS = NO;
				ENABLE_STRICT_OBJC_MSGSEND = YES;
				ENABLE_USER_SCRIPT_SANDBOXING = YES;
				GCC_C_LANGUAGE_STANDARD = gnu11;
				GCC_NO_COMMON_BLOCKS = YES;
				GCC_WARN_64_TO_32_BIT_CONVERSION = YES;
				GCC_WARN_ABOUT_RETURN_TYPE = YES_ERROR;
				GCC_WARN_UNDECLARED_SELECTOR = YES;
				GCC_WARN_UNINITIALIZED_AUTOS = YES_AGGRESSIVE;
				GCC_WARN_UNUSED_FUNCTION = YES;
				GCC_WARN_UNUSED_VARIABLE = YES;
				MACOSX_DEPLOYMENT_TARGET = 13.1;
				MTL_ENABLE_DEBUG_INFO = NO;
				MTL_FAST_MATH = YES;
				SDKROOT = macosx;
				SWIFT_COMPILATION_MODE = wholemodule;
				SWIFT_OPTIMIZATION_LEVEL = "-O";
				VERSIONING_SYSTEM = "apple-generic";
				VERSION_INFO_PREFIX = "";
			};
			name = Release;
		};
		3CD1B15329D50FC6000DBDDC /* Debug */ = {
			isa = XCBuildConfiguration;
			buildSettings = {
				CLANG_ENABLE_MODULES = YES;
				CODE_SIGN_IDENTITY = "";
				CODE_SIGN_STYLE = Automatic;
				COMBINE_HIDPI_IMAGES = YES;
				CURRENT_PROJECT_VERSION = 1;
				DEAD_CODE_STRIPPING = YES;
				DEFINES_MODULE = YES;
				DEVELOPMENT_TEAM = 63VB6DW728;
				DYLIB_COMPATIBILITY_VERSION = 1;
				DYLIB_CURRENT_VERSION = 1;
				DYLIB_INSTALL_NAME_BASE = "@rpath";
				ENABLE_MODULE_VERIFIER = YES;
				GENERATE_INFOPLIST_FILE = YES;
				INFOPLIST_KEY_NSHumanReadableCopyright = "";
				INSTALL_PATH = "$(LOCAL_LIBRARY_DIR)/Frameworks";
				LD_RUNPATH_SEARCH_PATHS = (
					"$(inherited)",
					"@executable_path/../Frameworks",
					"@loader_path/Frameworks",
				);
				MACOSX_DEPLOYMENT_TARGET = 13.0;
				MARKETING_VERSION = 1.0;
				MODULE_VERIFIER_SUPPORTED_LANGUAGES = "objective-c objective-c++";
				MODULE_VERIFIER_SUPPORTED_LANGUAGE_STANDARDS = "gnu11 gnu++20";
				PRODUCT_BUNDLE_IDENTIFIER = lynneker.souza.EssentialFeed;
				PRODUCT_NAME = "$(TARGET_NAME:c99extidentifier)";
				SKIP_INSTALL = YES;
				SUPPORTED_PLATFORMS = "macosx iphonesimulator iphoneos";
				SWIFT_EMIT_LOC_STRINGS = YES;
				SWIFT_OPTIMIZATION_LEVEL = "-Onone";
				SWIFT_VERSION = 5.0;
			};
			name = Debug;
		};
		3CD1B15429D50FC6000DBDDC /* Release */ = {
			isa = XCBuildConfiguration;
			buildSettings = {
				CLANG_ENABLE_MODULES = YES;
				CODE_SIGN_IDENTITY = "";
				CODE_SIGN_STYLE = Automatic;
				COMBINE_HIDPI_IMAGES = YES;
				CURRENT_PROJECT_VERSION = 1;
				DEAD_CODE_STRIPPING = YES;
				DEFINES_MODULE = YES;
				DEVELOPMENT_TEAM = 63VB6DW728;
				DYLIB_COMPATIBILITY_VERSION = 1;
				DYLIB_CURRENT_VERSION = 1;
				DYLIB_INSTALL_NAME_BASE = "@rpath";
				ENABLE_MODULE_VERIFIER = YES;
				GENERATE_INFOPLIST_FILE = YES;
				INFOPLIST_KEY_NSHumanReadableCopyright = "";
				INSTALL_PATH = "$(LOCAL_LIBRARY_DIR)/Frameworks";
				LD_RUNPATH_SEARCH_PATHS = (
					"$(inherited)",
					"@executable_path/../Frameworks",
					"@loader_path/Frameworks",
				);
				MACOSX_DEPLOYMENT_TARGET = 13.0;
				MARKETING_VERSION = 1.0;
				MODULE_VERIFIER_SUPPORTED_LANGUAGES = "objective-c objective-c++";
				MODULE_VERIFIER_SUPPORTED_LANGUAGE_STANDARDS = "gnu11 gnu++20";
				ONLY_ACTIVE_ARCH = YES;
				PRODUCT_BUNDLE_IDENTIFIER = lynneker.souza.EssentialFeed;
				PRODUCT_NAME = "$(TARGET_NAME:c99extidentifier)";
				SKIP_INSTALL = YES;
				SUPPORTED_PLATFORMS = "macosx iphonesimulator iphoneos";
				SWIFT_EMIT_LOC_STRINGS = YES;
				SWIFT_VERSION = 5.0;
			};
			name = Release;
		};
		3CD1B16129D50FDA000DBDDC /* Debug */ = {
			isa = XCBuildConfiguration;
			buildSettings = {
				ALWAYS_EMBED_SWIFT_STANDARD_LIBRARIES = YES;
				CODE_SIGN_STYLE = Automatic;
				CURRENT_PROJECT_VERSION = 1;
				DEAD_CODE_STRIPPING = YES;
				DEVELOPMENT_TEAM = 63VB6DW728;
				GENERATE_INFOPLIST_FILE = YES;
				MACOSX_DEPLOYMENT_TARGET = 13.0;
				MARKETING_VERSION = 1.0;
				PRODUCT_BUNDLE_IDENTIFIER = lynneker.souza.EssentialFeedTests;
				PRODUCT_NAME = "$(TARGET_NAME)";
				SUPPORTED_PLATFORMS = "macosx iphoneos iphonesimulator";
				SWIFT_EMIT_LOC_STRINGS = NO;
				SWIFT_VERSION = 5.0;
			};
			name = Debug;
		};
		3CD1B16229D50FDA000DBDDC /* Release */ = {
			isa = XCBuildConfiguration;
			buildSettings = {
				ALWAYS_EMBED_SWIFT_STANDARD_LIBRARIES = YES;
				CODE_SIGN_STYLE = Automatic;
				CURRENT_PROJECT_VERSION = 1;
				DEAD_CODE_STRIPPING = YES;
				DEVELOPMENT_TEAM = 63VB6DW728;
				GENERATE_INFOPLIST_FILE = YES;
				MACOSX_DEPLOYMENT_TARGET = 13.0;
				MARKETING_VERSION = 1.0;
				ONLY_ACTIVE_ARCH = YES;
				PRODUCT_BUNDLE_IDENTIFIER = lynneker.souza.EssentialFeedTests;
				PRODUCT_NAME = "$(TARGET_NAME)";
				SUPPORTED_PLATFORMS = "macosx iphoneos iphonesimulator";
				SWIFT_EMIT_LOC_STRINGS = NO;
				SWIFT_VERSION = 5.0;
			};
			name = Release;
		};
		3CF13E4D2A4A2A8700506D50 /* Debug */ = {
			isa = XCBuildConfiguration;
			buildSettings = {
				ASSETCATALOG_COMPILER_GENERATE_SWIFT_ASSET_SYMBOL_EXTENSIONS = YES;
				CODE_SIGN_STYLE = Automatic;
				CURRENT_PROJECT_VERSION = 1;
				DEVELOPMENT_TEAM = 63VB6DW728;
				GCC_C_LANGUAGE_STANDARD = gnu17;
				GENERATE_INFOPLIST_FILE = YES;
				LOCALIZATION_PREFERS_STRING_CATALOGS = YES;
				MACOSX_DEPLOYMENT_TARGET = 14.0;
				MARKETING_VERSION = 1.0;
				PRODUCT_BUNDLE_IDENTIFIER = lynneker.souza.EssentialFeedCacheIntegrationTests;
				PRODUCT_NAME = "$(TARGET_NAME)";
				SUPPORTED_PLATFORMS = "macosx iphonesimulator iphoneOS";
				SWIFT_ACTIVE_COMPILATION_CONDITIONS = "DEBUG $(inherited)";
				SWIFT_EMIT_LOC_STRINGS = NO;
				SWIFT_VERSION = 5.0;
			};
			name = Debug;
		};
		3CF13E4E2A4A2A8700506D50 /* Release */ = {
			isa = XCBuildConfiguration;
			buildSettings = {
				ASSETCATALOG_COMPILER_GENERATE_SWIFT_ASSET_SYMBOL_EXTENSIONS = YES;
				CODE_SIGN_STYLE = Automatic;
				CURRENT_PROJECT_VERSION = 1;
				DEVELOPMENT_TEAM = 63VB6DW728;
				GCC_C_LANGUAGE_STANDARD = gnu17;
				GENERATE_INFOPLIST_FILE = YES;
				LOCALIZATION_PREFERS_STRING_CATALOGS = YES;
				MACOSX_DEPLOYMENT_TARGET = 14.0;
				MARKETING_VERSION = 1.0;
				PRODUCT_BUNDLE_IDENTIFIER = lynneker.souza.EssentialFeedCacheIntegrationTests;
				PRODUCT_NAME = "$(TARGET_NAME)";
				SUPPORTED_PLATFORMS = "macosx iphonesimulator iphoneOS";
				SWIFT_EMIT_LOC_STRINGS = NO;
				SWIFT_VERSION = 5.0;
			};
			name = Release;
		};
/* End XCBuildConfiguration section */

/* Begin XCConfigurationList section */
		3C13DB5E2A01CE6C0048D7B9 /* Build configuration list for PBXNativeTarget "EssentialFeedAPIEndToEndTests" */ = {
			isa = XCConfigurationList;
			buildConfigurations = (
				3C13DB5F2A01CE6C0048D7B9 /* Debug */,
				3C13DB602A01CE6C0048D7B9 /* Release */,
			);
			defaultConfigurationIsVisible = 0;
			defaultConfigurationName = Release;
		};
		3C66A1B22A5B083200716098 /* Build configuration list for PBXNativeTarget "EssentialFeediOS" */ = {
			isa = XCConfigurationList;
			buildConfigurations = (
				3C66A1B32A5B083200716098 /* Debug */,
				3C66A1B42A5B083200716098 /* Release */,
			);
			defaultConfigurationIsVisible = 0;
			defaultConfigurationName = Release;
		};
		3C66A1B52A5B083200716098 /* Build configuration list for PBXNativeTarget "EssentialFeediOSTests" */ = {
			isa = XCConfigurationList;
			buildConfigurations = (
				3C66A1B62A5B083200716098 /* Debug */,
				3C66A1B72A5B083200716098 /* Release */,
			);
			defaultConfigurationIsVisible = 0;
			defaultConfigurationName = Release;
		};
		3CD1B14529D50FC6000DBDDC /* Build configuration list for PBXProject "EssentialFeed" */ = {
			isa = XCConfigurationList;
			buildConfigurations = (
				3CD1B15029D50FC6000DBDDC /* Debug */,
				3CD1B15129D50FC6000DBDDC /* Release */,
			);
			defaultConfigurationIsVisible = 0;
			defaultConfigurationName = Release;
		};
		3CD1B15229D50FC6000DBDDC /* Build configuration list for PBXNativeTarget "EssentialFeed" */ = {
			isa = XCConfigurationList;
			buildConfigurations = (
				3CD1B15329D50FC6000DBDDC /* Debug */,
				3CD1B15429D50FC6000DBDDC /* Release */,
			);
			defaultConfigurationIsVisible = 0;
			defaultConfigurationName = Release;
		};
		3CD1B16029D50FDA000DBDDC /* Build configuration list for PBXNativeTarget "EssentialFeedTests" */ = {
			isa = XCConfigurationList;
			buildConfigurations = (
				3CD1B16129D50FDA000DBDDC /* Debug */,
				3CD1B16229D50FDA000DBDDC /* Release */,
			);
			defaultConfigurationIsVisible = 0;
			defaultConfigurationName = Release;
		};
		3CF13E4F2A4A2A8700506D50 /* Build configuration list for PBXNativeTarget "EssentialFeedCacheIntegrationTests" */ = {
			isa = XCConfigurationList;
			buildConfigurations = (
				3CF13E4D2A4A2A8700506D50 /* Debug */,
				3CF13E4E2A4A2A8700506D50 /* Release */,
			);
			defaultConfigurationIsVisible = 0;
			defaultConfigurationName = Release;
		};
/* End XCConfigurationList section */

/* Begin XCVersionGroup section */
		3C7258EA2A4B1A3800633973 /* FeedStore.xcdatamodeld */ = {
			isa = XCVersionGroup;
			children = (
				3C7258EB2A4B1A3800633973 /* FeedStore.xcdatamodel */,
			);
			currentVersion = 3C7258EB2A4B1A3800633973 /* FeedStore.xcdatamodel */;
			path = FeedStore.xcdatamodeld;
			sourceTree = "<group>";
			versionGroupType = wrapper.xcdatamodel;
		};
/* End XCVersionGroup section */
	};
	rootObject = 3CD1B14229D50FC6000DBDDC /* Project object */;
}
